PODS:
  - JSONKit (1.4)
  - LibComponentLogging-Core (1.1.4)
  - LibComponentLogging-NSLog (1.0.2):
    - LibComponentLogging-Core (>= 1.1.4)
  - MBProgressHUD (0.41)
  - MRCEnumerable (0.1)
  - NUSurveyor (0.0.0)
  - RestKit/CoreData (0.9.4):
    - RestKit (= 0.9.4)
  - RestKit/Network (0.9.4):
    - LibComponentLogging-NSLog
    - RestKit (= 0.9.4)
  - RestKit/ObjectMapping (0.9.4):
    - RestKit (= 0.9.4)
    - RestKit/Network
  - RestKit/ObjectMapping/JSONKit (0.9.4):
    - JSONKit
    - RestKit (= 0.9.4)
    - RestKit/ObjectMapping (= 0.9.4)
  - SBJson (2.2.3)

DOWNLOAD_ONLY:
  - RestKit (0.9.4)

DEPENDENCIES:
  - MBProgressHUD (= 0.41)
  - MRCEnumerable (defined in Podfile)
  - NUSurveyor (defined in Podfile)
  - RestKit/CoreData (= 0.9.4)
  - RestKit/Network (= 0.9.4)
  - RestKit/ObjectMapping (= 0.9.4)
  - RestKit/ObjectMapping/JSONKit (= 0.9.4)
  - SBJson (= 2.2.3)
