// !$*UTF8*$!
{
	archiveVersion = 1;
	classes = {
	};
	objectVersion = 46;
	objects = {

/* Begin PBXBuildFile section */
		001008551434250D007C0EE9 /* checked.png in Resources */ = {isa = PBXBuildFile; fileRef = 001008281434250D007C0EE9 /* checked.png */; };
		001008561434250D007C0EE9 /* checked@2x.png in Resources */ = {isa = PBXBuildFile; fileRef = 001008291434250D007C0EE9 /* checked@2x.png */; };
		001008571434250D007C0EE9 /* dotted.png in Resources */ = {isa = PBXBuildFile; fileRef = 0010082A1434250D007C0EE9 /* dotted.png */; };
		001008581434250D007C0EE9 /* dotted@2x.png in Resources */ = {isa = PBXBuildFile; fileRef = 0010082B1434250D007C0EE9 /* dotted@2x.png */; };
		001008591434250D007C0EE9 /* kitchen_sink_survey.rb in Resources */ = {isa = PBXBuildFile; fileRef = 0010082C1434250D007C0EE9 /* kitchen_sink_survey.rb */; };
		0010085A1434250D007C0EE9 /* ks_with_uuid.json in Resources */ = {isa = PBXBuildFile; fileRef = 0010082D1434250D007C0EE9 /* ks_with_uuid.json */; };
		0010085B1434250D007C0EE9 /* NUPickerVC.m in Sources */ = {isa = PBXBuildFile; fileRef = 0010082F1434250D007C0EE9 /* NUPickerVC.m */; };
		0010085C1434250D007C0EE9 /* NUPickerVC.xib in Resources */ = {isa = PBXBuildFile; fileRef = 001008301434250D007C0EE9 /* NUPickerVC.xib */; };
		0010085D1434250D007C0EE9 /* NUSectionVC.m in Sources */ = {isa = PBXBuildFile; fileRef = 001008321434250D007C0EE9 /* NUSectionVC.m */; };
		0010085E1434250D007C0EE9 /* NUSurveyorIOS-Info.plist in Resources */ = {isa = PBXBuildFile; fileRef = 001008331434250D007C0EE9 /* NUSurveyorIOS-Info.plist */; };
		0010085F1434250D007C0EE9 /* NUSurveyorIOS.xcdatamodeld in Sources */ = {isa = PBXBuildFile; fileRef = 001008351434250D007C0EE9 /* NUSurveyorIOS.xcdatamodeld */; };
		001008601434250D007C0EE9 /* NUSurveyorIOSAppDelegate.m in Sources */ = {isa = PBXBuildFile; fileRef = 001008381434250D007C0EE9 /* NUSurveyorIOSAppDelegate.m */; };
		001008611434250D007C0EE9 /* NUSurveyVC.m in Sources */ = {isa = PBXBuildFile; fileRef = 0010083A1434250D007C0EE9 /* NUSurveyVC.m */; };
		001008621434250D007C0EE9 /* PageCell.m in Sources */ = {isa = PBXBuildFile; fileRef = 0010083C1434250D007C0EE9 /* PageCell.m */; };
		001008631434250D007C0EE9 /* PageViewController.m in Sources */ = {isa = PBXBuildFile; fileRef = 0010083E1434250D007C0EE9 /* PageViewController.m */; };
		001008641434250D007C0EE9 /* SurveyorAnyAnswerCell.m in Sources */ = {isa = PBXBuildFile; fileRef = 001008401434250D007C0EE9 /* SurveyorAnyAnswerCell.m */; };
		001008651434250D007C0EE9 /* SurveyorDatePickerAnswerCell.m in Sources */ = {isa = PBXBuildFile; fileRef = 001008421434250D007C0EE9 /* SurveyorDatePickerAnswerCell.m */; };
		001008661434250D007C0EE9 /* SurveyorNoneAnswerCell.m in Sources */ = {isa = PBXBuildFile; fileRef = 001008441434250D007C0EE9 /* SurveyorNoneAnswerCell.m */; };
		001008671434250D007C0EE9 /* SurveyorNoneTextAnswerCell.m in Sources */ = {isa = PBXBuildFile; fileRef = 001008461434250D007C0EE9 /* SurveyorNoneTextAnswerCell.m */; };
		001008681434250D007C0EE9 /* SurveyorOneAnswerCell.m in Sources */ = {isa = PBXBuildFile; fileRef = 001008481434250D007C0EE9 /* SurveyorOneAnswerCell.m */; };
		001008691434250D007C0EE9 /* SurveyorPickerAnswerCell.m in Sources */ = {isa = PBXBuildFile; fileRef = 0010084A1434250D007C0EE9 /* SurveyorPickerAnswerCell.m */; };
		0010086A1434250D007C0EE9 /* TextFieldCell.m in Sources */ = {isa = PBXBuildFile; fileRef = 0010084C1434250D007C0EE9 /* TextFieldCell.m */; };
		0010086B1434250D007C0EE9 /* UILabel+Resize.m in Sources */ = {isa = PBXBuildFile; fileRef = 0010084E1434250D007C0EE9 /* UILabel+Resize.m */; };
		0010086C1434250D007C0EE9 /* unchecked.png in Resources */ = {isa = PBXBuildFile; fileRef = 0010084F1434250D007C0EE9 /* unchecked.png */; };
		0010086D1434250D007C0EE9 /* unchecked@2x.png in Resources */ = {isa = PBXBuildFile; fileRef = 001008501434250D007C0EE9 /* unchecked@2x.png */; };
		0010086E1434250D007C0EE9 /* undotted.png in Resources */ = {isa = PBXBuildFile; fileRef = 001008511434250D007C0EE9 /* undotted.png */; };
		0010086F1434250D007C0EE9 /* undotted@2x.png in Resources */ = {isa = PBXBuildFile; fileRef = 001008521434250D007C0EE9 /* undotted@2x.png */; };
		001008701434250D007C0EE9 /* UUID.m in Sources */ = {isa = PBXBuildFile; fileRef = 001008541434250D007C0EE9 /* UUID.m */; };
		001008711434254B007C0EE9 /* NUSurveyorIOS-Prefix.pch in Sources */ = {isa = PBXBuildFile; fileRef = 001008341434250D007C0EE9 /* NUSurveyorIOS-Prefix.pch */; };
		001AD3611434C46400AD0AFD /* NSObject+SBJson.m in Sources */ = {isa = PBXBuildFile; fileRef = 001AD3491434C46400AD0AFD /* NSObject+SBJson.m */; };
		001AD3621434C46400AD0AFD /* SBJsonParser.m in Sources */ = {isa = PBXBuildFile; fileRef = 001AD34C1434C46400AD0AFD /* SBJsonParser.m */; };
		001AD3631434C46400AD0AFD /* SBJsonStreamParser.m in Sources */ = {isa = PBXBuildFile; fileRef = 001AD34E1434C46400AD0AFD /* SBJsonStreamParser.m */; };
		001AD3641434C46400AD0AFD /* SBJsonStreamParserAccumulator.m in Sources */ = {isa = PBXBuildFile; fileRef = 001AD3501434C46400AD0AFD /* SBJsonStreamParserAccumulator.m */; };
		001AD3651434C46400AD0AFD /* SBJsonStreamParserAdapter.m in Sources */ = {isa = PBXBuildFile; fileRef = 001AD3521434C46400AD0AFD /* SBJsonStreamParserAdapter.m */; };
		001AD3661434C46400AD0AFD /* SBJsonStreamParserState.m in Sources */ = {isa = PBXBuildFile; fileRef = 001AD3541434C46400AD0AFD /* SBJsonStreamParserState.m */; };
		001AD3671434C46400AD0AFD /* SBJsonStreamWriter.m in Sources */ = {isa = PBXBuildFile; fileRef = 001AD3561434C46400AD0AFD /* SBJsonStreamWriter.m */; };
		001AD3681434C46400AD0AFD /* SBJsonStreamWriterAccumulator.m in Sources */ = {isa = PBXBuildFile; fileRef = 001AD3581434C46400AD0AFD /* SBJsonStreamWriterAccumulator.m */; };
		001AD3691434C46400AD0AFD /* SBJsonStreamWriterState.m in Sources */ = {isa = PBXBuildFile; fileRef = 001AD35A1434C46400AD0AFD /* SBJsonStreamWriterState.m */; };
		001AD36A1434C46400AD0AFD /* SBJsonTokeniser.m in Sources */ = {isa = PBXBuildFile; fileRef = 001AD35C1434C46400AD0AFD /* SBJsonTokeniser.m */; };
		001AD36B1434C46400AD0AFD /* SBJsonUTF8Stream.m in Sources */ = {isa = PBXBuildFile; fileRef = 001AD35E1434C46400AD0AFD /* SBJsonUTF8Stream.m */; };
		001AD36C1434C46400AD0AFD /* SBJsonWriter.m in Sources */ = {isa = PBXBuildFile; fileRef = 001AD3601434C46400AD0AFD /* SBJsonWriter.m */; };
		0026465D1434CDF9008D612B /* ContactNavigationTable.m in Sources */ = {isa = PBXBuildFile; fileRef = 0026465C1434CDF9008D612B /* ContactNavigationTable.m */; };
		002646601434CE02008D612B /* Person.m in Sources */ = {isa = PBXBuildFile; fileRef = 0026465F1434CE02008D612B /* Person.m */; };
		0026E669140347E700355BCB /* UIKit.framework in Frameworks */ = {isa = PBXBuildFile; fileRef = 0026E668140347E700355BCB /* UIKit.framework */; };
		0026E66B140347E700355BCB /* Foundation.framework in Frameworks */ = {isa = PBXBuildFile; fileRef = 0026E66A140347E700355BCB /* Foundation.framework */; };
		0026E66D140347E700355BCB /* CoreGraphics.framework in Frameworks */ = {isa = PBXBuildFile; fileRef = 0026E66C140347E700355BCB /* CoreGraphics.framework */; };
		0026E673140347E700355BCB /* InfoPlist.strings in Resources */ = {isa = PBXBuildFile; fileRef = 0026E671140347E700355BCB /* InfoPlist.strings */; };
		0026E676140347E700355BCB /* main.m in Sources */ = {isa = PBXBuildFile; fileRef = 0026E675140347E700355BCB /* main.m */; };
		0026E679140347E700355BCB /* NCSMobileAppDelegate.m in Sources */ = {isa = PBXBuildFile; fileRef = 0026E678140347E700355BCB /* NCSMobileAppDelegate.m */; };
		0026E67C140347E700355BCB /* MainWindow.xib in Resources */ = {isa = PBXBuildFile; fileRef = 0026E67A140347E700355BCB /* MainWindow.xib */; };
		0026E67F140347E700355BCB /* DetailViewController.m in Sources */ = {isa = PBXBuildFile; fileRef = 0026E67E140347E700355BCB /* DetailViewController.m */; };
		0026E682140347E700355BCB /* DetailView.xib in Resources */ = {isa = PBXBuildFile; fileRef = 0026E680140347E700355BCB /* DetailView.xib */; };
		0026E685140347E700355BCB /* RootViewController.m in Sources */ = {isa = PBXBuildFile; fileRef = 0026E684140347E700355BCB /* RootViewController.m */; };
		0026E68C140347E700355BCB /* UIKit.framework in Frameworks */ = {isa = PBXBuildFile; fileRef = 0026E668140347E700355BCB /* UIKit.framework */; };
		0026E68D140347E700355BCB /* Foundation.framework in Frameworks */ = {isa = PBXBuildFile; fileRef = 0026E66A140347E700355BCB /* Foundation.framework */; };
		0026E68E140347E700355BCB /* CoreGraphics.framework in Frameworks */ = {isa = PBXBuildFile; fileRef = 0026E66C140347E700355BCB /* CoreGraphics.framework */; };
		0026E696140347E700355BCB /* InfoPlist.strings in Resources */ = {isa = PBXBuildFile; fileRef = 0026E694140347E700355BCB /* InfoPlist.strings */; };
		00439FF814112E500097A878 /* CFNetwork.framework in Frameworks */ = {isa = PBXBuildFile; fileRef = 00439FF714112E500097A878 /* CFNetwork.framework */; };
		00439FFA14112E5E0097A878 /* CoreData.framework in Frameworks */ = {isa = PBXBuildFile; fileRef = 00439FF914112E5E0097A878 /* CoreData.framework */; };
		00439FFC14112E670097A878 /* MobileCoreServices.framework in Frameworks */ = {isa = PBXBuildFile; fileRef = 00439FFB14112E670097A878 /* MobileCoreServices.framework */; };
		00439FFE14112E6F0097A878 /* SystemConfiguration.framework in Frameworks */ = {isa = PBXBuildFile; fileRef = 00439FFD14112E6F0097A878 /* SystemConfiguration.framework */; };
		0045BDA91418017F007BB8AA /* Event.m in Sources */ = {isa = PBXBuildFile; fileRef = 0045BDA81418017F007BB8AA /* Event.m */; };
		0045BDAC14191FB1007BB8AA /* Contact.m in Sources */ = {isa = PBXBuildFile; fileRef = 0045BDAB14191FB1007BB8AA /* Contact.m */; };
		0045BDAF141921CD007BB8AA /* ContactTest.m in Sources */ = {isa = PBXBuildFile; fileRef = 0045BDAE141921CD007BB8AA /* ContactTest.m */; };
		00590AC81428F7D0008335EA /* ContactTableTest.m in Sources */ = {isa = PBXBuildFile; fileRef = 00590AC71428F7D0008335EA /* ContactTableTest.m */; };
		00590ACB14291818008335EA /* Address.m in Sources */ = {isa = PBXBuildFile; fileRef = 00590ACA14291818008335EA /* Address.m */; };
		006EBEEB141679E9003D69CF /* Dwelling.m in Sources */ = {isa = PBXBuildFile; fileRef = 006EBEEA141679E9003D69CF /* Dwelling.m */; };
		009AD2E4142D391A0038650B /* SimpleTableController.m in Sources */ = {isa = PBXBuildFile; fileRef = 009AD2E3142D391A0038650B /* SimpleTableController.m */; };
		00E32348142153CD00D3AEED /* Fixtures.m in Sources */ = {isa = PBXBuildFile; fileRef = 00E32347142153CD00D3AEED /* Fixtures.m */; };
		00E3234B14227F8100D3AEED /* ContactManager.m in Sources */ = {isa = PBXBuildFile; fileRef = 00E3234A14227F8100D3AEED /* ContactManager.m */; };
		00E32351142280AD00D3AEED /* ContactManagerTest.m in Sources */ = {isa = PBXBuildFile; fileRef = 00E32350142280AD00D3AEED /* ContactManagerTest.m */; };
		00E323571422A23A00D3AEED /* Section.m in Sources */ = {isa = PBXBuildFile; fileRef = 00E323561422A23A00D3AEED /* Section.m */; };
		00E3235A1422B08200D3AEED /* Row.m in Sources */ = {isa = PBXBuildFile; fileRef = 00E323591422B08200D3AEED /* Row.m */; };
		00E3235D1422EB6A00D3AEED /* ContactTable.m in Sources */ = {isa = PBXBuildFile; fileRef = 00E3235C1422EB6A00D3AEED /* ContactTable.m */; };
		00FF37DE1417C50D0009B1D4 /* Instrument.m in Sources */ = {isa = PBXBuildFile; fileRef = 00FF37DD1417C50D0009B1D4 /* Instrument.m */; };
		00FF37E71417D2380009B1D4 /* ContactNavigationTableTest.m in Sources */ = {isa = PBXBuildFile; fileRef = 00FF37E41417CFA30009B1D4 /* ContactNavigationTableTest.m */; };
		00FF37E81417D2B80009B1D4 /* ContactNavigationTableTest.h in Resources */ = {isa = PBXBuildFile; fileRef = 00FF37E31417CFA30009B1D4 /* ContactNavigationTableTest.h */; };
/* End PBXBuildFile section */

/* Begin PBXContainerItemProxy section */
		0026E68F140347E700355BCB /* PBXContainerItemProxy */ = {
			isa = PBXContainerItemProxy;
			containerPortal = 0026E65B140347E700355BCB /* Project object */;
			proxyType = 1;
			remoteGlobalIDString = 0026E663140347E700355BCB;
			remoteInfo = NCSMobile;
		};
/* End PBXContainerItemProxy section */

/* Begin PBXFileReference section */
		001008281434250D007C0EE9 /* checked.png */ = {isa = PBXFileReference; lastKnownFileType = image.png; path = checked.png; sourceTree = "<group>"; };
		001008291434250D007C0EE9 /* checked@2x.png */ = {isa = PBXFileReference; lastKnownFileType = image.png; path = "checked@2x.png"; sourceTree = "<group>"; };
		0010082A1434250D007C0EE9 /* dotted.png */ = {isa = PBXFileReference; lastKnownFileType = image.png; path = dotted.png; sourceTree = "<group>"; };
		0010082B1434250D007C0EE9 /* dotted@2x.png */ = {isa = PBXFileReference; lastKnownFileType = image.png; path = "dotted@2x.png"; sourceTree = "<group>"; };
		0010082C1434250D007C0EE9 /* kitchen_sink_survey.rb */ = {isa = PBXFileReference; fileEncoding = 4; lastKnownFileType = text.script.ruby; path = kitchen_sink_survey.rb; sourceTree = "<group>"; };
		0010082D1434250D007C0EE9 /* ks_with_uuid.json */ = {isa = PBXFileReference; fileEncoding = 4; lastKnownFileType = text.json; path = ks_with_uuid.json; sourceTree = "<group>"; };
		0010082E1434250D007C0EE9 /* NUPickerVC.h */ = {isa = PBXFileReference; fileEncoding = 4; lastKnownFileType = sourcecode.c.h; path = NUPickerVC.h; sourceTree = "<group>"; };
		0010082F1434250D007C0EE9 /* NUPickerVC.m */ = {isa = PBXFileReference; fileEncoding = 4; lastKnownFileType = sourcecode.c.objc; path = NUPickerVC.m; sourceTree = "<group>"; };
		001008301434250D007C0EE9 /* NUPickerVC.xib */ = {isa = PBXFileReference; fileEncoding = 4; lastKnownFileType = file.xib; path = NUPickerVC.xib; sourceTree = "<group>"; };
		001008311434250D007C0EE9 /* NUSectionVC.h */ = {isa = PBXFileReference; fileEncoding = 4; lastKnownFileType = sourcecode.c.h; path = NUSectionVC.h; sourceTree = "<group>"; };
		001008321434250D007C0EE9 /* NUSectionVC.m */ = {isa = PBXFileReference; fileEncoding = 4; lastKnownFileType = sourcecode.c.objc; path = NUSectionVC.m; sourceTree = "<group>"; };
		001008331434250D007C0EE9 /* NUSurveyorIOS-Info.plist */ = {isa = PBXFileReference; fileEncoding = 4; lastKnownFileType = text.plist.xml; path = "NUSurveyorIOS-Info.plist"; sourceTree = "<group>"; };
		001008341434250D007C0EE9 /* NUSurveyorIOS-Prefix.pch */ = {isa = PBXFileReference; fileEncoding = 4; lastKnownFileType = sourcecode.c.h; path = "NUSurveyorIOS-Prefix.pch"; sourceTree = "<group>"; };
		001008361434250D007C0EE9 /* NUSurveyorIOS.xcdatamodel */ = {isa = PBXFileReference; lastKnownFileType = wrapper.xcdatamodel; path = NUSurveyorIOS.xcdatamodel; sourceTree = "<group>"; };
		001008371434250D007C0EE9 /* NUSurveyorIOSAppDelegate.h */ = {isa = PBXFileReference; fileEncoding = 4; lastKnownFileType = sourcecode.c.h; path = NUSurveyorIOSAppDelegate.h; sourceTree = "<group>"; };
		001008381434250D007C0EE9 /* NUSurveyorIOSAppDelegate.m */ = {isa = PBXFileReference; fileEncoding = 4; lastKnownFileType = sourcecode.c.objc; path = NUSurveyorIOSAppDelegate.m; sourceTree = "<group>"; };
		001008391434250D007C0EE9 /* NUSurveyVC.h */ = {isa = PBXFileReference; fileEncoding = 4; lastKnownFileType = sourcecode.c.h; path = NUSurveyVC.h; sourceTree = "<group>"; };
		0010083A1434250D007C0EE9 /* NUSurveyVC.m */ = {isa = PBXFileReference; fileEncoding = 4; lastKnownFileType = sourcecode.c.objc; path = NUSurveyVC.m; sourceTree = "<group>"; };
		0010083B1434250D007C0EE9 /* PageCell.h */ = {isa = PBXFileReference; fileEncoding = 4; lastKnownFileType = sourcecode.c.h; path = PageCell.h; sourceTree = "<group>"; };
		0010083C1434250D007C0EE9 /* PageCell.m */ = {isa = PBXFileReference; fileEncoding = 4; lastKnownFileType = sourcecode.c.objc; path = PageCell.m; sourceTree = "<group>"; };
		0010083D1434250D007C0EE9 /* PageViewController.h */ = {isa = PBXFileReference; fileEncoding = 4; lastKnownFileType = sourcecode.c.h; path = PageViewController.h; sourceTree = "<group>"; };
		0010083E1434250D007C0EE9 /* PageViewController.m */ = {isa = PBXFileReference; fileEncoding = 4; lastKnownFileType = sourcecode.c.objc; path = PageViewController.m; sourceTree = "<group>"; };
		0010083F1434250D007C0EE9 /* SurveyorAnyAnswerCell.h */ = {isa = PBXFileReference; fileEncoding = 4; lastKnownFileType = sourcecode.c.h; path = SurveyorAnyAnswerCell.h; sourceTree = "<group>"; };
		001008401434250D007C0EE9 /* SurveyorAnyAnswerCell.m */ = {isa = PBXFileReference; fileEncoding = 4; lastKnownFileType = sourcecode.c.objc; path = SurveyorAnyAnswerCell.m; sourceTree = "<group>"; };
		001008411434250D007C0EE9 /* SurveyorDatePickerAnswerCell.h */ = {isa = PBXFileReference; fileEncoding = 4; lastKnownFileType = sourcecode.c.h; path = SurveyorDatePickerAnswerCell.h; sourceTree = "<group>"; };
		001008421434250D007C0EE9 /* SurveyorDatePickerAnswerCell.m */ = {isa = PBXFileReference; fileEncoding = 4; lastKnownFileType = sourcecode.c.objc; path = SurveyorDatePickerAnswerCell.m; sourceTree = "<group>"; };
		001008431434250D007C0EE9 /* SurveyorNoneAnswerCell.h */ = {isa = PBXFileReference; fileEncoding = 4; lastKnownFileType = sourcecode.c.h; path = SurveyorNoneAnswerCell.h; sourceTree = "<group>"; };
		001008441434250D007C0EE9 /* SurveyorNoneAnswerCell.m */ = {isa = PBXFileReference; fileEncoding = 4; lastKnownFileType = sourcecode.c.objc; path = SurveyorNoneAnswerCell.m; sourceTree = "<group>"; };
		001008451434250D007C0EE9 /* SurveyorNoneTextAnswerCell.h */ = {isa = PBXFileReference; fileEncoding = 4; lastKnownFileType = sourcecode.c.h; path = SurveyorNoneTextAnswerCell.h; sourceTree = "<group>"; };
		001008461434250D007C0EE9 /* SurveyorNoneTextAnswerCell.m */ = {isa = PBXFileReference; fileEncoding = 4; lastKnownFileType = sourcecode.c.objc; path = SurveyorNoneTextAnswerCell.m; sourceTree = "<group>"; };
		001008471434250D007C0EE9 /* SurveyorOneAnswerCell.h */ = {isa = PBXFileReference; fileEncoding = 4; lastKnownFileType = sourcecode.c.h; path = SurveyorOneAnswerCell.h; sourceTree = "<group>"; };
		001008481434250D007C0EE9 /* SurveyorOneAnswerCell.m */ = {isa = PBXFileReference; fileEncoding = 4; lastKnownFileType = sourcecode.c.objc; path = SurveyorOneAnswerCell.m; sourceTree = "<group>"; };
		001008491434250D007C0EE9 /* SurveyorPickerAnswerCell.h */ = {isa = PBXFileReference; fileEncoding = 4; lastKnownFileType = sourcecode.c.h; path = SurveyorPickerAnswerCell.h; sourceTree = "<group>"; };
		0010084A1434250D007C0EE9 /* SurveyorPickerAnswerCell.m */ = {isa = PBXFileReference; fileEncoding = 4; lastKnownFileType = sourcecode.c.objc; path = SurveyorPickerAnswerCell.m; sourceTree = "<group>"; };
		0010084B1434250D007C0EE9 /* TextFieldCell.h */ = {isa = PBXFileReference; fileEncoding = 4; lastKnownFileType = sourcecode.c.h; path = TextFieldCell.h; sourceTree = "<group>"; };
		0010084C1434250D007C0EE9 /* TextFieldCell.m */ = {isa = PBXFileReference; fileEncoding = 4; lastKnownFileType = sourcecode.c.objc; path = TextFieldCell.m; sourceTree = "<group>"; };
		0010084D1434250D007C0EE9 /* UILabel+Resize.h */ = {isa = PBXFileReference; fileEncoding = 4; lastKnownFileType = sourcecode.c.h; path = "UILabel+Resize.h"; sourceTree = "<group>"; };
		0010084E1434250D007C0EE9 /* UILabel+Resize.m */ = {isa = PBXFileReference; fileEncoding = 4; lastKnownFileType = sourcecode.c.objc; path = "UILabel+Resize.m"; sourceTree = "<group>"; };
		0010084F1434250D007C0EE9 /* unchecked.png */ = {isa = PBXFileReference; lastKnownFileType = image.png; path = unchecked.png; sourceTree = "<group>"; };
		001008501434250D007C0EE9 /* unchecked@2x.png */ = {isa = PBXFileReference; lastKnownFileType = image.png; path = "unchecked@2x.png"; sourceTree = "<group>"; };
		001008511434250D007C0EE9 /* undotted.png */ = {isa = PBXFileReference; lastKnownFileType = image.png; path = undotted.png; sourceTree = "<group>"; };
		001008521434250D007C0EE9 /* undotted@2x.png */ = {isa = PBXFileReference; lastKnownFileType = image.png; path = "undotted@2x.png"; sourceTree = "<group>"; };
		001008531434250D007C0EE9 /* UUID.h */ = {isa = PBXFileReference; fileEncoding = 4; lastKnownFileType = sourcecode.c.h; path = UUID.h; sourceTree = "<group>"; };
		001008541434250D007C0EE9 /* UUID.m */ = {isa = PBXFileReference; fileEncoding = 4; lastKnownFileType = sourcecode.c.objc; path = UUID.m; sourceTree = "<group>"; };
		001AD3481434C46400AD0AFD /* NSObject+SBJson.h */ = {isa = PBXFileReference; fileEncoding = 4; lastKnownFileType = sourcecode.c.h; path = "NSObject+SBJson.h"; sourceTree = "<group>"; };
		001AD3491434C46400AD0AFD /* NSObject+SBJson.m */ = {isa = PBXFileReference; fileEncoding = 4; lastKnownFileType = sourcecode.c.objc; path = "NSObject+SBJson.m"; sourceTree = "<group>"; };
		001AD34A1434C46400AD0AFD /* SBJson.h */ = {isa = PBXFileReference; fileEncoding = 4; lastKnownFileType = sourcecode.c.h; path = SBJson.h; sourceTree = "<group>"; };
		001AD34B1434C46400AD0AFD /* SBJsonParser.h */ = {isa = PBXFileReference; fileEncoding = 4; lastKnownFileType = sourcecode.c.h; path = SBJsonParser.h; sourceTree = "<group>"; };
		001AD34C1434C46400AD0AFD /* SBJsonParser.m */ = {isa = PBXFileReference; fileEncoding = 4; lastKnownFileType = sourcecode.c.objc; path = SBJsonParser.m; sourceTree = "<group>"; };
		001AD34D1434C46400AD0AFD /* SBJsonStreamParser.h */ = {isa = PBXFileReference; fileEncoding = 4; lastKnownFileType = sourcecode.c.h; path = SBJsonStreamParser.h; sourceTree = "<group>"; };
		001AD34E1434C46400AD0AFD /* SBJsonStreamParser.m */ = {isa = PBXFileReference; fileEncoding = 4; lastKnownFileType = sourcecode.c.objc; path = SBJsonStreamParser.m; sourceTree = "<group>"; };
		001AD34F1434C46400AD0AFD /* SBJsonStreamParserAccumulator.h */ = {isa = PBXFileReference; fileEncoding = 4; lastKnownFileType = sourcecode.c.h; path = SBJsonStreamParserAccumulator.h; sourceTree = "<group>"; };
		001AD3501434C46400AD0AFD /* SBJsonStreamParserAccumulator.m */ = {isa = PBXFileReference; fileEncoding = 4; lastKnownFileType = sourcecode.c.objc; path = SBJsonStreamParserAccumulator.m; sourceTree = "<group>"; };
		001AD3511434C46400AD0AFD /* SBJsonStreamParserAdapter.h */ = {isa = PBXFileReference; fileEncoding = 4; lastKnownFileType = sourcecode.c.h; path = SBJsonStreamParserAdapter.h; sourceTree = "<group>"; };
		001AD3521434C46400AD0AFD /* SBJsonStreamParserAdapter.m */ = {isa = PBXFileReference; fileEncoding = 4; lastKnownFileType = sourcecode.c.objc; path = SBJsonStreamParserAdapter.m; sourceTree = "<group>"; };
		001AD3531434C46400AD0AFD /* SBJsonStreamParserState.h */ = {isa = PBXFileReference; fileEncoding = 4; lastKnownFileType = sourcecode.c.h; path = SBJsonStreamParserState.h; sourceTree = "<group>"; };
		001AD3541434C46400AD0AFD /* SBJsonStreamParserState.m */ = {isa = PBXFileReference; fileEncoding = 4; lastKnownFileType = sourcecode.c.objc; path = SBJsonStreamParserState.m; sourceTree = "<group>"; };
		001AD3551434C46400AD0AFD /* SBJsonStreamWriter.h */ = {isa = PBXFileReference; fileEncoding = 4; lastKnownFileType = sourcecode.c.h; path = SBJsonStreamWriter.h; sourceTree = "<group>"; };
		001AD3561434C46400AD0AFD /* SBJsonStreamWriter.m */ = {isa = PBXFileReference; fileEncoding = 4; lastKnownFileType = sourcecode.c.objc; path = SBJsonStreamWriter.m; sourceTree = "<group>"; };
		001AD3571434C46400AD0AFD /* SBJsonStreamWriterAccumulator.h */ = {isa = PBXFileReference; fileEncoding = 4; lastKnownFileType = sourcecode.c.h; path = SBJsonStreamWriterAccumulator.h; sourceTree = "<group>"; };
		001AD3581434C46400AD0AFD /* SBJsonStreamWriterAccumulator.m */ = {isa = PBXFileReference; fileEncoding = 4; lastKnownFileType = sourcecode.c.objc; path = SBJsonStreamWriterAccumulator.m; sourceTree = "<group>"; };
		001AD3591434C46400AD0AFD /* SBJsonStreamWriterState.h */ = {isa = PBXFileReference; fileEncoding = 4; lastKnownFileType = sourcecode.c.h; path = SBJsonStreamWriterState.h; sourceTree = "<group>"; };
		001AD35A1434C46400AD0AFD /* SBJsonStreamWriterState.m */ = {isa = PBXFileReference; fileEncoding = 4; lastKnownFileType = sourcecode.c.objc; path = SBJsonStreamWriterState.m; sourceTree = "<group>"; };
		001AD35B1434C46400AD0AFD /* SBJsonTokeniser.h */ = {isa = PBXFileReference; fileEncoding = 4; lastKnownFileType = sourcecode.c.h; path = SBJsonTokeniser.h; sourceTree = "<group>"; };
		001AD35C1434C46400AD0AFD /* SBJsonTokeniser.m */ = {isa = PBXFileReference; fileEncoding = 4; lastKnownFileType = sourcecode.c.objc; path = SBJsonTokeniser.m; sourceTree = "<group>"; };
		001AD35D1434C46400AD0AFD /* SBJsonUTF8Stream.h */ = {isa = PBXFileReference; fileEncoding = 4; lastKnownFileType = sourcecode.c.h; path = SBJsonUTF8Stream.h; sourceTree = "<group>"; };
		001AD35E1434C46400AD0AFD /* SBJsonUTF8Stream.m */ = {isa = PBXFileReference; fileEncoding = 4; lastKnownFileType = sourcecode.c.objc; path = SBJsonUTF8Stream.m; sourceTree = "<group>"; };
		001AD35F1434C46400AD0AFD /* SBJsonWriter.h */ = {isa = PBXFileReference; fileEncoding = 4; lastKnownFileType = sourcecode.c.h; path = SBJsonWriter.h; sourceTree = "<group>"; };
		001AD3601434C46400AD0AFD /* SBJsonWriter.m */ = {isa = PBXFileReference; fileEncoding = 4; lastKnownFileType = sourcecode.c.objc; path = SBJsonWriter.m; sourceTree = "<group>"; };
		0026465B1434CDF9008D612B /* ContactNavigationTable.h */ = {isa = PBXFileReference; fileEncoding = 4; lastKnownFileType = sourcecode.c.h; path = ContactNavigationTable.h; sourceTree = "<group>"; };
		0026465C1434CDF9008D612B /* ContactNavigationTable.m */ = {isa = PBXFileReference; fileEncoding = 4; lastKnownFileType = sourcecode.c.objc; path = ContactNavigationTable.m; sourceTree = "<group>"; };
		0026465E1434CE02008D612B /* Person.h */ = {isa = PBXFileReference; fileEncoding = 4; lastKnownFileType = sourcecode.c.h; path = Person.h; sourceTree = "<group>"; };
		0026465F1434CE02008D612B /* Person.m */ = {isa = PBXFileReference; fileEncoding = 4; lastKnownFileType = sourcecode.c.objc; path = Person.m; sourceTree = "<group>"; };
		0026E664140347E700355BCB /* NCSMobile.app */ = {isa = PBXFileReference; explicitFileType = wrapper.application; includeInIndex = 0; path = NCSMobile.app; sourceTree = BUILT_PRODUCTS_DIR; };
		0026E668140347E700355BCB /* UIKit.framework */ = {isa = PBXFileReference; lastKnownFileType = wrapper.framework; name = UIKit.framework; path = System/Library/Frameworks/UIKit.framework; sourceTree = SDKROOT; };
		0026E66A140347E700355BCB /* Foundation.framework */ = {isa = PBXFileReference; lastKnownFileType = wrapper.framework; name = Foundation.framework; path = System/Library/Frameworks/Foundation.framework; sourceTree = SDKROOT; };
		0026E66C140347E700355BCB /* CoreGraphics.framework */ = {isa = PBXFileReference; lastKnownFileType = wrapper.framework; name = CoreGraphics.framework; path = System/Library/Frameworks/CoreGraphics.framework; sourceTree = SDKROOT; };
		0026E670140347E700355BCB /* NCSMobile-Info.plist */ = {isa = PBXFileReference; lastKnownFileType = text.plist.xml; name = "NCSMobile-Info.plist"; path = "NCSMobile/NCSMobile-Info.plist"; sourceTree = "<group>"; };
		0026E672140347E700355BCB /* en */ = {isa = PBXFileReference; lastKnownFileType = text.plist.strings; name = en; path = en.lproj/InfoPlist.strings; sourceTree = "<group>"; };
		0026E674140347E700355BCB /* NCSMobile-Prefix.pch */ = {isa = PBXFileReference; lastKnownFileType = sourcecode.c.h; name = "NCSMobile-Prefix.pch"; path = "NCSMobile/NCSMobile-Prefix.pch"; sourceTree = "<group>"; };
		0026E675140347E700355BCB /* main.m */ = {isa = PBXFileReference; lastKnownFileType = sourcecode.c.objc; name = main.m; path = NCSMobile/main.m; sourceTree = "<group>"; };
		0026E677140347E700355BCB /* NCSMobileAppDelegate.h */ = {isa = PBXFileReference; lastKnownFileType = sourcecode.c.h; path = NCSMobileAppDelegate.h; sourceTree = "<group>"; };
		0026E678140347E700355BCB /* NCSMobileAppDelegate.m */ = {isa = PBXFileReference; lastKnownFileType = sourcecode.c.objc; path = NCSMobileAppDelegate.m; sourceTree = "<group>"; };
		0026E67B140347E700355BCB /* en */ = {isa = PBXFileReference; lastKnownFileType = file.xib; name = en; path = en.lproj/MainWindow.xib; sourceTree = "<group>"; };
		0026E67D140347E700355BCB /* DetailViewController.h */ = {isa = PBXFileReference; lastKnownFileType = sourcecode.c.h; path = DetailViewController.h; sourceTree = "<group>"; };
		0026E67E140347E700355BCB /* DetailViewController.m */ = {isa = PBXFileReference; lastKnownFileType = sourcecode.c.objc; path = DetailViewController.m; sourceTree = "<group>"; };
		0026E681140347E700355BCB /* en */ = {isa = PBXFileReference; lastKnownFileType = file.xib; name = en; path = en.lproj/DetailView.xib; sourceTree = "<group>"; };
		0026E683140347E700355BCB /* RootViewController.h */ = {isa = PBXFileReference; lastKnownFileType = sourcecode.c.h; path = RootViewController.h; sourceTree = "<group>"; };
		0026E684140347E700355BCB /* RootViewController.m */ = {isa = PBXFileReference; lastKnownFileType = sourcecode.c.objc; path = RootViewController.m; sourceTree = "<group>"; };
		0026E68B140347E700355BCB /* NCSMobileTests.octest */ = {isa = PBXFileReference; explicitFileType = wrapper.cfbundle; includeInIndex = 0; path = NCSMobileTests.octest; sourceTree = BUILT_PRODUCTS_DIR; };
		0026E693140347E700355BCB /* NCSMobileTests-Info.plist */ = {isa = PBXFileReference; lastKnownFileType = text.plist.xml; path = "NCSMobileTests-Info.plist"; sourceTree = "<group>"; };
		0026E695140347E700355BCB /* en */ = {isa = PBXFileReference; lastKnownFileType = text.plist.strings; name = en; path = en.lproj/InfoPlist.strings; sourceTree = "<group>"; };
		0026E697140347E700355BCB /* NCSMobileTests-Prefix.pch */ = {isa = PBXFileReference; lastKnownFileType = sourcecode.c.h; path = "NCSMobileTests-Prefix.pch"; sourceTree = "<group>"; };
		00439FF714112E500097A878 /* CFNetwork.framework */ = {isa = PBXFileReference; lastKnownFileType = wrapper.framework; name = CFNetwork.framework; path = System/Library/Frameworks/CFNetwork.framework; sourceTree = SDKROOT; };
		00439FF914112E5E0097A878 /* CoreData.framework */ = {isa = PBXFileReference; lastKnownFileType = wrapper.framework; name = CoreData.framework; path = System/Library/Frameworks/CoreData.framework; sourceTree = SDKROOT; };
		00439FFB14112E670097A878 /* MobileCoreServices.framework */ = {isa = PBXFileReference; lastKnownFileType = wrapper.framework; name = MobileCoreServices.framework; path = System/Library/Frameworks/MobileCoreServices.framework; sourceTree = SDKROOT; };
		00439FFD14112E6F0097A878 /* SystemConfiguration.framework */ = {isa = PBXFileReference; lastKnownFileType = wrapper.framework; name = SystemConfiguration.framework; path = System/Library/Frameworks/SystemConfiguration.framework; sourceTree = SDKROOT; };
		0045BDA81418017F007BB8AA /* Event.m */ = {isa = PBXFileReference; fileEncoding = 4; lastKnownFileType = sourcecode.c.objc; path = Event.m; sourceTree = "<group>"; };
		0045BDAA14191FB1007BB8AA /* Contact.h */ = {isa = PBXFileReference; fileEncoding = 4; lastKnownFileType = sourcecode.c.h; path = Contact.h; sourceTree = "<group>"; };
		0045BDAB14191FB1007BB8AA /* Contact.m */ = {isa = PBXFileReference; fileEncoding = 4; lastKnownFileType = sourcecode.c.objc; path = Contact.m; sourceTree = "<group>"; };
		0045BDAD141921CD007BB8AA /* ContactTest.h */ = {isa = PBXFileReference; fileEncoding = 4; lastKnownFileType = sourcecode.c.h; path = ContactTest.h; sourceTree = "<group>"; };
		0045BDAE141921CD007BB8AA /* ContactTest.m */ = {isa = PBXFileReference; fileEncoding = 4; lastKnownFileType = sourcecode.c.objc; path = ContactTest.m; sourceTree = "<group>"; };
		00590AC61428F7D0008335EA /* ContactTableTest.h */ = {isa = PBXFileReference; fileEncoding = 4; lastKnownFileType = sourcecode.c.h; path = ContactTableTest.h; sourceTree = "<group>"; };
		00590AC71428F7D0008335EA /* ContactTableTest.m */ = {isa = PBXFileReference; fileEncoding = 4; lastKnownFileType = sourcecode.c.objc; path = ContactTableTest.m; sourceTree = "<group>"; };
		00590AC914291818008335EA /* Address.h */ = {isa = PBXFileReference; fileEncoding = 4; lastKnownFileType = sourcecode.c.h; path = Address.h; sourceTree = "<group>"; };
		00590ACA14291818008335EA /* Address.m */ = {isa = PBXFileReference; fileEncoding = 4; lastKnownFileType = sourcecode.c.objc; path = Address.m; sourceTree = "<group>"; };
		006EBEE1141139B2003D69CF /* Event.h */ = {isa = PBXFileReference; fileEncoding = 4; lastKnownFileType = sourcecode.c.h; path = Event.h; sourceTree = "<group>"; };
		006EBEE9141679E9003D69CF /* Dwelling.h */ = {isa = PBXFileReference; fileEncoding = 4; lastKnownFileType = sourcecode.c.h; path = Dwelling.h; sourceTree = "<group>"; };
		006EBEEA141679E9003D69CF /* Dwelling.m */ = {isa = PBXFileReference; fileEncoding = 4; lastKnownFileType = sourcecode.c.objc; path = Dwelling.m; sourceTree = "<group>"; };
		009AD2E2142D391A0038650B /* SimpleTableController.h */ = {isa = PBXFileReference; fileEncoding = 4; lastKnownFileType = sourcecode.c.h; path = SimpleTableController.h; sourceTree = "<group>"; };
		009AD2E3142D391A0038650B /* SimpleTableController.m */ = {isa = PBXFileReference; fileEncoding = 4; lastKnownFileType = sourcecode.c.objc; path = SimpleTableController.m; sourceTree = "<group>"; };
		009AD2E61430D9BF0038650B /* SimpleTableRowDelegate.h */ = {isa = PBXFileReference; fileEncoding = 4; lastKnownFileType = sourcecode.c.h; path = SimpleTableRowDelegate.h; sourceTree = "<group>"; };
		009AD2E71430DA180038650B /* ISimpleTable.h */ = {isa = PBXFileReference; fileEncoding = 4; lastKnownFileType = sourcecode.c.h; path = ISimpleTable.h; sourceTree = "<group>"; };
		00E32346142153CD00D3AEED /* Fixtures.h */ = {isa = PBXFileReference; fileEncoding = 4; lastKnownFileType = sourcecode.c.h; path = Fixtures.h; sourceTree = "<group>"; };
		00E32347142153CD00D3AEED /* Fixtures.m */ = {isa = PBXFileReference; fileEncoding = 4; lastKnownFileType = sourcecode.c.objc; path = Fixtures.m; sourceTree = "<group>"; };
		00E3234914227F8100D3AEED /* ContactManager.h */ = {isa = PBXFileReference; fileEncoding = 4; lastKnownFileType = sourcecode.c.h; path = ContactManager.h; sourceTree = "<group>"; };
		00E3234A14227F8100D3AEED /* ContactManager.m */ = {isa = PBXFileReference; fileEncoding = 4; lastKnownFileType = sourcecode.c.objc; path = ContactManager.m; sourceTree = "<group>"; };
		00E3234F142280AD00D3AEED /* ContactManagerTest.h */ = {isa = PBXFileReference; fileEncoding = 4; lastKnownFileType = sourcecode.c.h; path = ContactManagerTest.h; sourceTree = "<group>"; };
		00E32350142280AD00D3AEED /* ContactManagerTest.m */ = {isa = PBXFileReference; fileEncoding = 4; lastKnownFileType = sourcecode.c.objc; path = ContactManagerTest.m; sourceTree = "<group>"; };
		00E323551422A23A00D3AEED /* Section.h */ = {isa = PBXFileReference; fileEncoding = 4; lastKnownFileType = sourcecode.c.h; path = Section.h; sourceTree = "<group>"; };
		00E323561422A23A00D3AEED /* Section.m */ = {isa = PBXFileReference; fileEncoding = 4; lastKnownFileType = sourcecode.c.objc; path = Section.m; sourceTree = "<group>"; };
		00E323581422B08200D3AEED /* Row.h */ = {isa = PBXFileReference; fileEncoding = 4; lastKnownFileType = sourcecode.c.h; path = Row.h; sourceTree = "<group>"; };
		00E323591422B08200D3AEED /* Row.m */ = {isa = PBXFileReference; fileEncoding = 4; lastKnownFileType = sourcecode.c.objc; path = Row.m; sourceTree = "<group>"; };
		00E3235B1422EB6A00D3AEED /* ContactTable.h */ = {isa = PBXFileReference; fileEncoding = 4; lastKnownFileType = sourcecode.c.h; path = ContactTable.h; sourceTree = "<group>"; };
		00E3235C1422EB6A00D3AEED /* ContactTable.m */ = {isa = PBXFileReference; fileEncoding = 4; lastKnownFileType = sourcecode.c.objc; path = ContactTable.m; sourceTree = "<group>"; };
		00FF37DC1417C50D0009B1D4 /* Instrument.h */ = {isa = PBXFileReference; fileEncoding = 4; lastKnownFileType = sourcecode.c.h; path = Instrument.h; sourceTree = "<group>"; };
		00FF37DD1417C50D0009B1D4 /* Instrument.m */ = {isa = PBXFileReference; fileEncoding = 4; lastKnownFileType = sourcecode.c.objc; path = Instrument.m; sourceTree = "<group>"; };
		00FF37E31417CFA30009B1D4 /* ContactNavigationTableTest.h */ = {isa = PBXFileReference; fileEncoding = 4; lastKnownFileType = sourcecode.c.h; path = ContactNavigationTableTest.h; sourceTree = "<group>"; };
		00FF37E41417CFA30009B1D4 /* ContactNavigationTableTest.m */ = {isa = PBXFileReference; fileEncoding = 4; lastKnownFileType = sourcecode.c.objc; path = ContactNavigationTableTest.m; sourceTree = "<group>"; };
/* End PBXFileReference section */

/* Begin PBXFrameworksBuildPhase section */
		0026E661140347E700355BCB /* Frameworks */ = {
			isa = PBXFrameworksBuildPhase;
			buildActionMask = 2147483647;
			files = (
				00439FFE14112E6F0097A878 /* SystemConfiguration.framework in Frameworks */,
				00439FFC14112E670097A878 /* MobileCoreServices.framework in Frameworks */,
				00439FFA14112E5E0097A878 /* CoreData.framework in Frameworks */,
				00439FF814112E500097A878 /* CFNetwork.framework in Frameworks */,
				0026E669140347E700355BCB /* UIKit.framework in Frameworks */,
				0026E66B140347E700355BCB /* Foundation.framework in Frameworks */,
				0026E66D140347E700355BCB /* CoreGraphics.framework in Frameworks */,
			);
			runOnlyForDeploymentPostprocessing = 0;
		};
		0026E687140347E700355BCB /* Frameworks */ = {
			isa = PBXFrameworksBuildPhase;
			buildActionMask = 2147483647;
			files = (
				0026E68C140347E700355BCB /* UIKit.framework in Frameworks */,
				0026E68D140347E700355BCB /* Foundation.framework in Frameworks */,
				0026E68E140347E700355BCB /* CoreGraphics.framework in Frameworks */,
			);
			runOnlyForDeploymentPostprocessing = 0;
		};
/* End PBXFrameworksBuildPhase section */

/* Begin PBXGroup section */
		001008271434250D007C0EE9 /* surveyor_ios */ = {
			isa = PBXGroup;
			children = (
				001008281434250D007C0EE9 /* checked.png */,
				001008291434250D007C0EE9 /* checked@2x.png */,
				0010082A1434250D007C0EE9 /* dotted.png */,
				0010082B1434250D007C0EE9 /* dotted@2x.png */,
				0010082C1434250D007C0EE9 /* kitchen_sink_survey.rb */,
				0010082D1434250D007C0EE9 /* ks_with_uuid.json */,
				0010082E1434250D007C0EE9 /* NUPickerVC.h */,
				0010082F1434250D007C0EE9 /* NUPickerVC.m */,
				001008301434250D007C0EE9 /* NUPickerVC.xib */,
				001008311434250D007C0EE9 /* NUSectionVC.h */,
				001008321434250D007C0EE9 /* NUSectionVC.m */,
				001008331434250D007C0EE9 /* NUSurveyorIOS-Info.plist */,
				001008341434250D007C0EE9 /* NUSurveyorIOS-Prefix.pch */,
				001008351434250D007C0EE9 /* NUSurveyorIOS.xcdatamodeld */,
				001008371434250D007C0EE9 /* NUSurveyorIOSAppDelegate.h */,
				001008381434250D007C0EE9 /* NUSurveyorIOSAppDelegate.m */,
				001008391434250D007C0EE9 /* NUSurveyVC.h */,
				0010083A1434250D007C0EE9 /* NUSurveyVC.m */,
				0010083B1434250D007C0EE9 /* PageCell.h */,
				0010083C1434250D007C0EE9 /* PageCell.m */,
				0010083D1434250D007C0EE9 /* PageViewController.h */,
				0010083E1434250D007C0EE9 /* PageViewController.m */,
				0010083F1434250D007C0EE9 /* SurveyorAnyAnswerCell.h */,
				001008401434250D007C0EE9 /* SurveyorAnyAnswerCell.m */,
				001008411434250D007C0EE9 /* SurveyorDatePickerAnswerCell.h */,
				001008421434250D007C0EE9 /* SurveyorDatePickerAnswerCell.m */,
				001008431434250D007C0EE9 /* SurveyorNoneAnswerCell.h */,
				001008441434250D007C0EE9 /* SurveyorNoneAnswerCell.m */,
				001008451434250D007C0EE9 /* SurveyorNoneTextAnswerCell.h */,
				001008461434250D007C0EE9 /* SurveyorNoneTextAnswerCell.m */,
				001008471434250D007C0EE9 /* SurveyorOneAnswerCell.h */,
				001008481434250D007C0EE9 /* SurveyorOneAnswerCell.m */,
				001008491434250D007C0EE9 /* SurveyorPickerAnswerCell.h */,
				0010084A1434250D007C0EE9 /* SurveyorPickerAnswerCell.m */,
				0010084B1434250D007C0EE9 /* TextFieldCell.h */,
				0010084C1434250D007C0EE9 /* TextFieldCell.m */,
				0010084D1434250D007C0EE9 /* UILabel+Resize.h */,
				0010084E1434250D007C0EE9 /* UILabel+Resize.m */,
				0010084F1434250D007C0EE9 /* unchecked.png */,
				001008501434250D007C0EE9 /* unchecked@2x.png */,
				001008511434250D007C0EE9 /* undotted.png */,
				001008521434250D007C0EE9 /* undotted@2x.png */,
				001008531434250D007C0EE9 /* UUID.h */,
				001008541434250D007C0EE9 /* UUID.m */,
			);
			path = surveyor_ios;
			sourceTree = "<group>";
		};
		001AD3471434C46400AD0AFD /* json-framework */ = {
			isa = PBXGroup;
			children = (
				001AD3481434C46400AD0AFD /* NSObject+SBJson.h */,
				001AD3491434C46400AD0AFD /* NSObject+SBJson.m */,
				001AD34A1434C46400AD0AFD /* SBJson.h */,
				001AD34B1434C46400AD0AFD /* SBJsonParser.h */,
				001AD34C1434C46400AD0AFD /* SBJsonParser.m */,
				001AD34D1434C46400AD0AFD /* SBJsonStreamParser.h */,
				001AD34E1434C46400AD0AFD /* SBJsonStreamParser.m */,
				001AD34F1434C46400AD0AFD /* SBJsonStreamParserAccumulator.h */,
				001AD3501434C46400AD0AFD /* SBJsonStreamParserAccumulator.m */,
				001AD3511434C46400AD0AFD /* SBJsonStreamParserAdapter.h */,
				001AD3521434C46400AD0AFD /* SBJsonStreamParserAdapter.m */,
				001AD3531434C46400AD0AFD /* SBJsonStreamParserState.h */,
				001AD3541434C46400AD0AFD /* SBJsonStreamParserState.m */,
				001AD3551434C46400AD0AFD /* SBJsonStreamWriter.h */,
				001AD3561434C46400AD0AFD /* SBJsonStreamWriter.m */,
				001AD3571434C46400AD0AFD /* SBJsonStreamWriterAccumulator.h */,
				001AD3581434C46400AD0AFD /* SBJsonStreamWriterAccumulator.m */,
				001AD3591434C46400AD0AFD /* SBJsonStreamWriterState.h */,
				001AD35A1434C46400AD0AFD /* SBJsonStreamWriterState.m */,
				001AD35B1434C46400AD0AFD /* SBJsonTokeniser.h */,
				001AD35C1434C46400AD0AFD /* SBJsonTokeniser.m */,
				001AD35D1434C46400AD0AFD /* SBJsonUTF8Stream.h */,
				001AD35E1434C46400AD0AFD /* SBJsonUTF8Stream.m */,
				001AD35F1434C46400AD0AFD /* SBJsonWriter.h */,
				001AD3601434C46400AD0AFD /* SBJsonWriter.m */,
			);
			path = "json-framework";
			sourceTree = "<group>";
		};
		00212CCC14326F8000294D82 /* Resources */ = {
			isa = PBXGroup;
			children = (
			);
			name = Resources;
			sourceTree = "<group>";
		};
		0026E659140347E700355BCB = {
			isa = PBXGroup;
			children = (
				0043A016141133410097A878 /* Other Sources */,
				00439FFF141132B70097A878 /* Resources */,
				0026E66E140347E700355BCB /* Classes */,
				0026E691140347E700355BCB /* Tests */,
				0026E667140347E700355BCB /* Frameworks */,
				0026E665140347E700355BCB /* Products */,
			);
			sourceTree = "<group>";
		};
		0026E665140347E700355BCB /* Products */ = {
			isa = PBXGroup;
			children = (
				0026E664140347E700355BCB /* NCSMobile.app */,
				0026E68B140347E700355BCB /* NCSMobileTests.octest */,
			);
			name = Products;
			sourceTree = "<group>";
		};
		0026E667140347E700355BCB /* Frameworks */ = {
			isa = PBXGroup;
			children = (
				001AD3471434C46400AD0AFD /* json-framework */,
				001008271434250D007C0EE9 /* surveyor_ios */,
				00439FFD14112E6F0097A878 /* SystemConfiguration.framework */,
				00439FFB14112E670097A878 /* MobileCoreServices.framework */,
				00439FF914112E5E0097A878 /* CoreData.framework */,
				00439FF714112E500097A878 /* CFNetwork.framework */,
				0026E668140347E700355BCB /* UIKit.framework */,
				0026E66A140347E700355BCB /* Foundation.framework */,
				0026E66C140347E700355BCB /* CoreGraphics.framework */,
			);
			name = Frameworks;
			sourceTree = "<group>";
		};
		0026E66E140347E700355BCB /* Classes */ = {
			isa = PBXGroup;
			children = (
				00212CCC14326F8000294D82 /* Resources */,
				00FF37E21417CA320009B1D4 /* Presenters */,
				006EBEE6141157BA003D69CF /* Models */,
				006EBEE5141157B6003D69CF /* Controllers */,
				006EBEE414115783003D69CF /* Delegates */,
			);
			name = Classes;
			path = NCSMobile;
			sourceTree = "<group>";
		};
		0026E691140347E700355BCB /* Tests */ = {
			isa = PBXGroup;
			children = (
				0026E692140347E700355BCB /* Supporting Files */,
				00FF37E31417CFA30009B1D4 /* ContactNavigationTableTest.h */,
				00FF37E41417CFA30009B1D4 /* ContactNavigationTableTest.m */,
				0045BDAD141921CD007BB8AA /* ContactTest.h */,
				0045BDAE141921CD007BB8AA /* ContactTest.m */,
				00E32346142153CD00D3AEED /* Fixtures.h */,
				00E32347142153CD00D3AEED /* Fixtures.m */,
				00E3234F142280AD00D3AEED /* ContactManagerTest.h */,
				00E32350142280AD00D3AEED /* ContactManagerTest.m */,
				00590AC61428F7D0008335EA /* ContactTableTest.h */,
				00590AC71428F7D0008335EA /* ContactTableTest.m */,
			);
			name = Tests;
			path = NCSMobileTests;
			sourceTree = "<group>";
		};
		0026E692140347E700355BCB /* Supporting Files */ = {
			isa = PBXGroup;
			children = (
				0026E693140347E700355BCB /* NCSMobileTests-Info.plist */,
				0026E694140347E700355BCB /* InfoPlist.strings */,
				0026E697140347E700355BCB /* NCSMobileTests-Prefix.pch */,
			);
			name = "Supporting Files";
			sourceTree = "<group>";
		};
		00439FFF141132B70097A878 /* Resources */ = {
			isa = PBXGroup;
			children = (
				006EBEE8141673A1003D69CF /* Other */,
				006EBEE714115870003D69CF /* NIBs */,
			);
			name = Resources;
			sourceTree = "<group>";
		};
		0043A016141133410097A878 /* Other Sources */ = {
			isa = PBXGroup;
			children = (
				0026E674140347E700355BCB /* NCSMobile-Prefix.pch */,
				0026E675140347E700355BCB /* main.m */,
			);
			name = "Other Sources";
			sourceTree = "<group>";
		};
		006EBEE414115783003D69CF /* Delegates */ = {
			isa = PBXGroup;
			children = (
				0026E677140347E700355BCB /* NCSMobileAppDelegate.h */,
				0026E678140347E700355BCB /* NCSMobileAppDelegate.m */,
				009AD2E61430D9BF0038650B /* SimpleTableRowDelegate.h */,
				009AD2E71430DA180038650B /* ISimpleTable.h */,
			);
			name = Delegates;
			sourceTree = "<group>";
		};
		006EBEE5141157B6003D69CF /* Controllers */ = {
			isa = PBXGroup;
			children = (
				0026E67D140347E700355BCB /* DetailViewController.h */,
				0026E67E140347E700355BCB /* DetailViewController.m */,
				0026E683140347E700355BCB /* RootViewController.h */,
				0026E684140347E700355BCB /* RootViewController.m */,
				009AD2E2142D391A0038650B /* SimpleTableController.h */,
				009AD2E3142D391A0038650B /* SimpleTableController.m */,
			);
			name = Controllers;
			sourceTree = "<group>";
		};
		006EBEE6141157BA003D69CF /* Models */ = {
			isa = PBXGroup;
			children = (
				0026465E1434CE02008D612B /* Person.h */,
				0026465F1434CE02008D612B /* Person.m */,
				0045BDAA14191FB1007BB8AA /* Contact.h */,
				0045BDAB14191FB1007BB8AA /* Contact.m */,
				00E3234914227F8100D3AEED /* ContactManager.h */,
				00E3234A14227F8100D3AEED /* ContactManager.m */,
				006EBEE1141139B2003D69CF /* Event.h */,
				0045BDA81418017F007BB8AA /* Event.m */,
				006EBEE9141679E9003D69CF /* Dwelling.h */,
				006EBEEA141679E9003D69CF /* Dwelling.m */,
				00590AC914291818008335EA /* Address.h */,
				00590ACA14291818008335EA /* Address.m */,
				00FF37DC1417C50D0009B1D4 /* Instrument.h */,
				00FF37DD1417C50D0009B1D4 /* Instrument.m */,
				00E323551422A23A00D3AEED /* Section.h */,
				00E323561422A23A00D3AEED /* Section.m */,
				00E323581422B08200D3AEED /* Row.h */,
				00E323591422B08200D3AEED /* Row.m */,
			);
			name = Models;
			sourceTree = "<group>";
		};
		006EBEE714115870003D69CF /* NIBs */ = {
			isa = PBXGroup;
			children = (
				0026E67A140347E700355BCB /* MainWindow.xib */,
				0026E680140347E700355BCB /* DetailView.xib */,
			);
			name = NIBs;
			sourceTree = "<group>";
		};
		006EBEE8141673A1003D69CF /* Other */ = {
			isa = PBXGroup;
			children = (
				0026E670140347E700355BCB /* NCSMobile-Info.plist */,
				0026E671140347E700355BCB /* InfoPlist.strings */,
			);
			name = Other;
			sourceTree = "<group>";
		};
		00FF37E21417CA320009B1D4 /* Presenters */ = {
			isa = PBXGroup;
			children = (
				0026465B1434CDF9008D612B /* ContactNavigationTable.h */,
				0026465C1434CDF9008D612B /* ContactNavigationTable.m */,
				00E3235B1422EB6A00D3AEED /* ContactTable.h */,
				00E3235C1422EB6A00D3AEED /* ContactTable.m */,
			);
			name = Presenters;
			sourceTree = "<group>";
		};
/* End PBXGroup section */

/* Begin PBXNativeTarget section */
		0026E663140347E700355BCB /* NCSMobile */ = {
			isa = PBXNativeTarget;
			buildConfigurationList = 0026E69E140347E700355BCB /* Build configuration list for PBXNativeTarget "NCSMobile" */;
			buildPhases = (
				0026E660140347E700355BCB /* Sources */,
				0026E661140347E700355BCB /* Frameworks */,
				0026E662140347E700355BCB /* Resources */,
			);
			buildRules = (
			);
			dependencies = (
			);
			name = NCSMobile;
			productName = NCSMobile;
			productReference = 0026E664140347E700355BCB /* NCSMobile.app */;
			productType = "com.apple.product-type.application";
		};
		0026E68A140347E700355BCB /* NCSMobileTests */ = {
			isa = PBXNativeTarget;
			buildConfigurationList = 0026E6A1140347E700355BCB /* Build configuration list for PBXNativeTarget "NCSMobileTests" */;
			buildPhases = (
				0026E686140347E700355BCB /* Sources */,
				0026E687140347E700355BCB /* Frameworks */,
				0026E688140347E700355BCB /* Resources */,
				0026E689140347E700355BCB /* ShellScript */,
			);
			buildRules = (
			);
			dependencies = (
				0026E690140347E700355BCB /* PBXTargetDependency */,
			);
			name = NCSMobileTests;
			productName = NCSMobileTests;
			productReference = 0026E68B140347E700355BCB /* NCSMobileTests.octest */;
			productType = "com.apple.product-type.bundle";
		};
/* End PBXNativeTarget section */

/* Begin PBXProject section */
		0026E65B140347E700355BCB /* Project object */ = {
			isa = PBXProject;
			buildConfigurationList = 0026E65E140347E700355BCB /* Build configuration list for PBXProject "NCSMobile" */;
			compatibilityVersion = "Xcode 3.2";
			developmentRegion = English;
			hasScannedForEncodings = 0;
			knownRegions = (
				en,
			);
			mainGroup = 0026E659140347E700355BCB;
			productRefGroup = 0026E665140347E700355BCB /* Products */;
			projectDirPath = "";
			projectRoot = "";
			targets = (
				0026E663140347E700355BCB /* NCSMobile */,
				0026E68A140347E700355BCB /* NCSMobileTests */,
			);
		};
/* End PBXProject section */

/* Begin PBXResourcesBuildPhase section */
		0026E662140347E700355BCB /* Resources */ = {
			isa = PBXResourcesBuildPhase;
			buildActionMask = 2147483647;
			files = (
				0026E673140347E700355BCB /* InfoPlist.strings in Resources */,
				0026E67C140347E700355BCB /* MainWindow.xib in Resources */,
				0026E682140347E700355BCB /* DetailView.xib in Resources */,
				001008551434250D007C0EE9 /* checked.png in Resources */,
				001008561434250D007C0EE9 /* checked@2x.png in Resources */,
				001008571434250D007C0EE9 /* dotted.png in Resources */,
				001008581434250D007C0EE9 /* dotted@2x.png in Resources */,
				001008591434250D007C0EE9 /* kitchen_sink_survey.rb in Resources */,
				0010085A1434250D007C0EE9 /* ks_with_uuid.json in Resources */,
				0010085C1434250D007C0EE9 /* NUPickerVC.xib in Resources */,
				0010085E1434250D007C0EE9 /* NUSurveyorIOS-Info.plist in Resources */,
				0010086C1434250D007C0EE9 /* unchecked.png in Resources */,
				0010086D1434250D007C0EE9 /* unchecked@2x.png in Resources */,
				0010086E1434250D007C0EE9 /* undotted.png in Resources */,
				0010086F1434250D007C0EE9 /* undotted@2x.png in Resources */,
			);
			runOnlyForDeploymentPostprocessing = 0;
		};
		0026E688140347E700355BCB /* Resources */ = {
			isa = PBXResourcesBuildPhase;
			buildActionMask = 2147483647;
			files = (
				0026E696140347E700355BCB /* InfoPlist.strings in Resources */,
				00FF37E81417D2B80009B1D4 /* ContactNavigationTableTest.h in Resources */,
			);
			runOnlyForDeploymentPostprocessing = 0;
		};
/* End PBXResourcesBuildPhase section */

/* Begin PBXShellScriptBuildPhase section */
		0026E689140347E700355BCB /* ShellScript */ = {
			isa = PBXShellScriptBuildPhase;
			buildActionMask = 2147483647;
			files = (
			);
			inputPaths = (
			);
			outputPaths = (
			);
			runOnlyForDeploymentPostprocessing = 0;
			shellPath = /bin/sh;
			shellScript = "# Run the unit tests in this test bundle.\n\"${SYSTEM_DEVELOPER_DIR}/Tools/RunUnitTests\"\n";
		};
/* End PBXShellScriptBuildPhase section */

/* Begin PBXSourcesBuildPhase section */
		0026E660140347E700355BCB /* Sources */ = {
			isa = PBXSourcesBuildPhase;
			buildActionMask = 2147483647;
			files = (
				001008711434254B007C0EE9 /* NUSurveyorIOS-Prefix.pch in Sources */,
				0026E676140347E700355BCB /* main.m in Sources */,
				0026E679140347E700355BCB /* NCSMobileAppDelegate.m in Sources */,
				0026E67F140347E700355BCB /* DetailViewController.m in Sources */,
				0026E685140347E700355BCB /* RootViewController.m in Sources */,
				006EBEEB141679E9003D69CF /* Dwelling.m in Sources */,
				00FF37DE1417C50D0009B1D4 /* Instrument.m in Sources */,
				0045BDA91418017F007BB8AA /* Event.m in Sources */,
				0045BDAC14191FB1007BB8AA /* Contact.m in Sources */,
				00E3234B14227F8100D3AEED /* ContactManager.m in Sources */,
				00E323571422A23A00D3AEED /* Section.m in Sources */,
				00E3235A1422B08200D3AEED /* Row.m in Sources */,
				00E3235D1422EB6A00D3AEED /* ContactTable.m in Sources */,
				00590ACB14291818008335EA /* Address.m in Sources */,
				009AD2E4142D391A0038650B /* SimpleTableController.m in Sources */,
				0010085B1434250D007C0EE9 /* NUPickerVC.m in Sources */,
				0010085D1434250D007C0EE9 /* NUSectionVC.m in Sources */,
				0010085F1434250D007C0EE9 /* NUSurveyorIOS.xcdatamodeld in Sources */,
				001008601434250D007C0EE9 /* NUSurveyorIOSAppDelegate.m in Sources */,
				001008611434250D007C0EE9 /* NUSurveyVC.m in Sources */,
				001008621434250D007C0EE9 /* PageCell.m in Sources */,
				001008631434250D007C0EE9 /* PageViewController.m in Sources */,
				001008641434250D007C0EE9 /* SurveyorAnyAnswerCell.m in Sources */,
				001008651434250D007C0EE9 /* SurveyorDatePickerAnswerCell.m in Sources */,
				001008661434250D007C0EE9 /* SurveyorNoneAnswerCell.m in Sources */,
				001008671434250D007C0EE9 /* SurveyorNoneTextAnswerCell.m in Sources */,
				001008681434250D007C0EE9 /* SurveyorOneAnswerCell.m in Sources */,
				001008691434250D007C0EE9 /* SurveyorPickerAnswerCell.m in Sources */,
				0010086A1434250D007C0EE9 /* TextFieldCell.m in Sources */,
				0010086B1434250D007C0EE9 /* UILabel+Resize.m in Sources */,
				001008701434250D007C0EE9 /* UUID.m in Sources */,
				001AD3611434C46400AD0AFD /* NSObject+SBJson.m in Sources */,
				001AD3621434C46400AD0AFD /* SBJsonParser.m in Sources */,
				001AD3631434C46400AD0AFD /* SBJsonStreamParser.m in Sources */,
				001AD3641434C46400AD0AFD /* SBJsonStreamParserAccumulator.m in Sources */,
				001AD3651434C46400AD0AFD /* SBJsonStreamParserAdapter.m in Sources */,
				001AD3661434C46400AD0AFD /* SBJsonStreamParserState.m in Sources */,
				001AD3671434C46400AD0AFD /* SBJsonStreamWriter.m in Sources */,
				001AD3681434C46400AD0AFD /* SBJsonStreamWriterAccumulator.m in Sources */,
				001AD3691434C46400AD0AFD /* SBJsonStreamWriterState.m in Sources */,
				001AD36A1434C46400AD0AFD /* SBJsonTokeniser.m in Sources */,
				001AD36B1434C46400AD0AFD /* SBJsonUTF8Stream.m in Sources */,
				001AD36C1434C46400AD0AFD /* SBJsonWriter.m in Sources */,
				0026465D1434CDF9008D612B /* ContactNavigationTable.m in Sources */,
				002646601434CE02008D612B /* Person.m in Sources */,
			);
			runOnlyForDeploymentPostprocessing = 0;
		};
		0026E686140347E700355BCB /* Sources */ = {
			isa = PBXSourcesBuildPhase;
			buildActionMask = 2147483647;
			files = (
				00FF37E71417D2380009B1D4 /* ContactNavigationTableTest.m in Sources */,
				0045BDAF141921CD007BB8AA /* ContactTest.m in Sources */,
				00E32348142153CD00D3AEED /* Fixtures.m in Sources */,
				00E32351142280AD00D3AEED /* ContactManagerTest.m in Sources */,
				00590AC81428F7D0008335EA /* ContactTableTest.m in Sources */,
			);
			runOnlyForDeploymentPostprocessing = 0;
		};
/* End PBXSourcesBuildPhase section */

/* Begin PBXTargetDependency section */
		0026E690140347E700355BCB /* PBXTargetDependency */ = {
			isa = PBXTargetDependency;
			target = 0026E663140347E700355BCB /* NCSMobile */;
			targetProxy = 0026E68F140347E700355BCB /* PBXContainerItemProxy */;
		};
/* End PBXTargetDependency section */

/* Begin PBXVariantGroup section */
		0026E671140347E700355BCB /* InfoPlist.strings */ = {
			isa = PBXVariantGroup;
			children = (
				0026E672140347E700355BCB /* en */,
			);
			name = InfoPlist.strings;
			path = NCSMobile;
			sourceTree = "<group>";
		};
		0026E67A140347E700355BCB /* MainWindow.xib */ = {
			isa = PBXVariantGroup;
			children = (
				0026E67B140347E700355BCB /* en */,
			);
			name = MainWindow.xib;
			path = NCSMobile;
			sourceTree = "<group>";
		};
		0026E680140347E700355BCB /* DetailView.xib */ = {
			isa = PBXVariantGroup;
			children = (
				0026E681140347E700355BCB /* en */,
			);
			name = DetailView.xib;
			path = NCSMobile;
			sourceTree = "<group>";
		};
		0026E694140347E700355BCB /* InfoPlist.strings */ = {
			isa = PBXVariantGroup;
			children = (
				0026E695140347E700355BCB /* en */,
			);
			name = InfoPlist.strings;
			sourceTree = "<group>";
		};
/* End PBXVariantGroup section */

/* Begin XCBuildConfiguration section */
		0026E69C140347E700355BCB /* Debug */ = {
			isa = XCBuildConfiguration;
			buildSettings = {
				ARCHS = "$(ARCHS_UNIVERSAL_IPHONE_OS)";
				"CODE_SIGN_IDENTITY[sdk=iphoneos*]" = "iPhone Developer";
				GCC_C_LANGUAGE_STANDARD = gnu99;
				GCC_OPTIMIZATION_LEVEL = 0;
				GCC_PREPROCESSOR_DEFINITIONS = DEBUG;
				GCC_SYMBOLS_PRIVATE_EXTERN = NO;
				GCC_VERSION = com.apple.compilers.llvmgcc42;
				GCC_WARN_ABOUT_RETURN_TYPE = YES;
				GCC_WARN_UNUSED_VARIABLE = YES;
				IPHONEOS_DEPLOYMENT_TARGET = 4.3;
				OTHER_LDFLAGS = "-ObjC";
				SDKROOT = iphoneos;
				TARGETED_DEVICE_FAMILY = 2;
			};
			name = Debug;
		};
		0026E69D140347E700355BCB /* Release */ = {
			isa = XCBuildConfiguration;
			buildSettings = {
				ARCHS = "$(ARCHS_UNIVERSAL_IPHONE_OS)";
				"CODE_SIGN_IDENTITY[sdk=iphoneos*]" = "iPhone Developer";
				GCC_C_LANGUAGE_STANDARD = gnu99;
				GCC_VERSION = com.apple.compilers.llvmgcc42;
				GCC_WARN_ABOUT_RETURN_TYPE = YES;
				GCC_WARN_UNUSED_VARIABLE = YES;
				IPHONEOS_DEPLOYMENT_TARGET = 4.3;
				OTHER_CFLAGS = "-DNS_BLOCK_ASSERTIONS=1";
				OTHER_LDFLAGS = "-ObjC";
				SDKROOT = iphoneos;
				TARGETED_DEVICE_FAMILY = 2;
			};
			name = Release;
		};
		0026E69F140347E700355BCB /* Debug */ = {
			isa = XCBuildConfiguration;
			buildSettings = {
				ALWAYS_SEARCH_USER_PATHS = NO;
				COPY_PHASE_STRIP = NO;
				FRAMEWORK_SEARCH_PATHS = (
					"$(inherited)",
					"\"$(SRCROOT)/RestKit/Specs/Runner\"",
				);
				GCC_DYNAMIC_NO_PIC = NO;
				GCC_PRECOMPILE_PREFIX_HEADER = YES;
				GCC_PREFIX_HEADER = "NCSMobile/NCSMobile-Prefix.pch";
				HEADER_SEARCH_PATHS = "$(SOURCE_ROOT)/RestKit/Build";
				INFOPLIST_FILE = "NCSMobile/NCSMobile-Info.plist";
				LIBRARY_SEARCH_PATHS = (
					"$(SOURCE_ROOT)/RestKit/Build/$(BUILD_STYLE)-$(PLATFORM_NAME)",
					"$(inherited)",
				);
				OTHER_LDFLAGS = (
					"-ObjC",
					"-all_load",
				);
				PRODUCT_NAME = "$(TARGET_NAME)";
				WRAPPER_EXTENSION = app;
			};
			name = Debug;
		};
		0026E6A0140347E700355BCB /* Release */ = {
			isa = XCBuildConfiguration;
			buildSettings = {
				ALWAYS_SEARCH_USER_PATHS = NO;
				COPY_PHASE_STRIP = YES;
				FRAMEWORK_SEARCH_PATHS = (
					"$(inherited)",
					"\"$(SRCROOT)/RestKit/Specs/Runner\"",
				);
				GCC_PRECOMPILE_PREFIX_HEADER = YES;
				GCC_PREFIX_HEADER = "NCSMobile/NCSMobile-Prefix.pch";
				HEADER_SEARCH_PATHS = "$(SOURCE_ROOT)/RestKit/Build";
				INFOPLIST_FILE = "NCSMobile/NCSMobile-Info.plist";
				LIBRARY_SEARCH_PATHS = (
					"$(SOURCE_ROOT)/RestKit/Build/$(BUILD_STYLE)-$(PLATFORM_NAME)",
					"$(inherited)",
				);
				OTHER_LDFLAGS = (
					"-ObjC",
					"-all_load",
				);
				PRODUCT_NAME = "$(TARGET_NAME)";
				VALIDATE_PRODUCT = YES;
				WRAPPER_EXTENSION = app;
			};
			name = Release;
		};
		0026E6A2140347E700355BCB /* Debug */ = {
			isa = XCBuildConfiguration;
			buildSettings = {
				ALWAYS_SEARCH_USER_PATHS = NO;
				ARCHS = "$(ARCHS_STANDARD_32_BIT)";
				BUNDLE_LOADER = "$(BUILT_PRODUCTS_DIR)/NCSMobile.app/NCSMobile";
				FRAMEWORK_SEARCH_PATHS = (
					"$(SDKROOT)/Developer/Library/Frameworks",
					"$(DEVELOPER_LIBRARY_DIR)/Frameworks",
				);
				GCC_PRECOMPILE_PREFIX_HEADER = YES;
				GCC_PREFIX_HEADER = "NCSMobileTests/NCSMobileTests-Prefix.pch";
				INFOPLIST_FILE = "NCSMobileTests/NCSMobileTests-Info.plist";
				OTHER_LDFLAGS = (
					"-framework",
					SenTestingKit,
				);
				PRODUCT_NAME = "$(TARGET_NAME)";
				TEST_HOST = "$(BUNDLE_LOADER)";
				WRAPPER_EXTENSION = octest;
			};
			name = Debug;
		};
		0026E6A3140347E700355BCB /* Release */ = {
			isa = XCBuildConfiguration;
			buildSettings = {
				ALWAYS_SEARCH_USER_PATHS = NO;
				ARCHS = "$(ARCHS_STANDARD_32_BIT)";
				BUNDLE_LOADER = "$(BUILT_PRODUCTS_DIR)/NCSMobile.app/NCSMobile";
				FRAMEWORK_SEARCH_PATHS = (
					"$(SDKROOT)/Developer/Library/Frameworks",
					"$(DEVELOPER_LIBRARY_DIR)/Frameworks",
				);
				GCC_PRECOMPILE_PREFIX_HEADER = YES;
				GCC_PREFIX_HEADER = "NCSMobileTests/NCSMobileTests-Prefix.pch";
				INFOPLIST_FILE = "NCSMobileTests/NCSMobileTests-Info.plist";
				OTHER_LDFLAGS = (
					"-framework",
					SenTestingKit,
				);
				PRODUCT_NAME = "$(TARGET_NAME)";
				TEST_HOST = "$(BUNDLE_LOADER)";
				WRAPPER_EXTENSION = octest;
			};
			name = Release;
		};
/* End XCBuildConfiguration section */

/* Begin XCConfigurationList section */
		0026E65E140347E700355BCB /* Build configuration list for PBXProject "NCSMobile" */ = {
			isa = XCConfigurationList;
			buildConfigurations = (
				0026E69C140347E700355BCB /* Debug */,
				0026E69D140347E700355BCB /* Release */,
			);
			defaultConfigurationIsVisible = 0;
			defaultConfigurationName = Release;
		};
		0026E69E140347E700355BCB /* Build configuration list for PBXNativeTarget "NCSMobile" */ = {
			isa = XCConfigurationList;
			buildConfigurations = (
				0026E69F140347E700355BCB /* Debug */,
				0026E6A0140347E700355BCB /* Release */,
			);
			defaultConfigurationIsVisible = 0;
			defaultConfigurationName = Release;
		};
		0026E6A1140347E700355BCB /* Build configuration list for PBXNativeTarget "NCSMobileTests" */ = {
			isa = XCConfigurationList;
			buildConfigurations = (
				0026E6A2140347E700355BCB /* Debug */,
				0026E6A3140347E700355BCB /* Release */,
			);
			defaultConfigurationIsVisible = 0;
			defaultConfigurationName = Release;
		};
/* End XCConfigurationList section */

/* Begin XCVersionGroup section */
		001008351434250D007C0EE9 /* NUSurveyorIOS.xcdatamodeld */ = {
			isa = XCVersionGroup;
			children = (
				001008361434250D007C0EE9 /* NUSurveyorIOS.xcdatamodel */,
			);
			currentVersion = 001008361434250D007C0EE9 /* NUSurveyorIOS.xcdatamodel */;
			path = NUSurveyorIOS.xcdatamodeld;
			sourceTree = "<group>";
			versionGroupType = wrapper.xcdatamodel;
		};
/* End XCVersionGroup section */
	};
	rootObject = 0026E65B140347E700355BCB /* Project object */;
}
