// !$*UTF8*$!
{
	archiveVersion = 1;
	classes = {
	};
	objectVersion = 46;
	objects = {

/* Begin PBXBuildFile section */
		0013ED9B14B65D84009F85CF /* NUCas.plist in Resources */ = {isa = PBXBuildFile; fileRef = 0013ED9A14B65D84009F85CF /* NUCas.plist */; };
		00145BA8149A7BEF00D3C1B5 /* ContactCloseVC.m in Sources */ = {isa = PBXBuildFile; fileRef = 00145BA7149A7BEF00D3C1B5 /* ContactCloseVC.m */; };
		0018F03314C4BD160058D8F2 /* Configuration.m in Sources */ = {isa = PBXBuildFile; fileRef = 0018F03214C4BD160058D8F2 /* Configuration.m */; };
		0018F0A114C4BE880058D8F2 /* NCSNavigatorField.plist in Resources */ = {isa = PBXBuildFile; fileRef = 0018F0A014C4BE880058D8F2 /* NCSNavigatorField.plist */; };
		0026465D1434CDF9008D612B /* ContactNavigationTable.m in Sources */ = {isa = PBXBuildFile; fileRef = 0026465C1434CDF9008D612B /* ContactNavigationTable.m */; };
		002646601434CE02008D612B /* Person.m in Sources */ = {isa = PBXBuildFile; fileRef = 0026465F1434CE02008D612B /* Person.m */; };
		0026E669140347E700355BCB /* UIKit.framework in Frameworks */ = {isa = PBXBuildFile; fileRef = 0026E668140347E700355BCB /* UIKit.framework */; };
		0026E66B140347E700355BCB /* Foundation.framework in Frameworks */ = {isa = PBXBuildFile; fileRef = 0026E66A140347E700355BCB /* Foundation.framework */; };
		0026E66D140347E700355BCB /* CoreGraphics.framework in Frameworks */ = {isa = PBXBuildFile; fileRef = 0026E66C140347E700355BCB /* CoreGraphics.framework */; };
		0026E673140347E700355BCB /* InfoPlist.strings in Resources */ = {isa = PBXBuildFile; fileRef = 0026E671140347E700355BCB /* InfoPlist.strings */; };
		0026E676140347E700355BCB /* main.m in Sources */ = {isa = PBXBuildFile; fileRef = 0026E675140347E700355BCB /* main.m */; };
		0026E679140347E700355BCB /* NCSMobileAppDelegate.m in Sources */ = {isa = PBXBuildFile; fileRef = 0026E678140347E700355BCB /* NCSMobileAppDelegate.m */; };
		0026E67C140347E700355BCB /* MainWindow.xib in Resources */ = {isa = PBXBuildFile; fileRef = 0026E67A140347E700355BCB /* MainWindow.xib */; };
		0026E67F140347E700355BCB /* ContactDisplayController.m in Sources */ = {isa = PBXBuildFile; fileRef = 0026E67E140347E700355BCB /* ContactDisplayController.m */; };
		0026E682140347E700355BCB /* DetailView.xib in Resources */ = {isa = PBXBuildFile; fileRef = 0026E680140347E700355BCB /* DetailView.xib */; };
		0026E685140347E700355BCB /* RootViewController.m in Sources */ = {isa = PBXBuildFile; fileRef = 0026E684140347E700355BCB /* RootViewController.m */; };
		0026E68C140347E700355BCB /* UIKit.framework in Frameworks */ = {isa = PBXBuildFile; fileRef = 0026E668140347E700355BCB /* UIKit.framework */; };
		0026E68D140347E700355BCB /* Foundation.framework in Frameworks */ = {isa = PBXBuildFile; fileRef = 0026E66A140347E700355BCB /* Foundation.framework */; };
		0026E68E140347E700355BCB /* CoreGraphics.framework in Frameworks */ = {isa = PBXBuildFile; fileRef = 0026E66C140347E700355BCB /* CoreGraphics.framework */; };
		0026E696140347E700355BCB /* InfoPlist.strings in Resources */ = {isa = PBXBuildFile; fileRef = 0026E694140347E700355BCB /* InfoPlist.strings */; };
		002B2E4414362E4900410D09 /* nubic-logo.png in Resources */ = {isa = PBXBuildFile; fileRef = 002B2E4214362E4900410D09 /* nubic-logo.png */; };
		002B2E4514362E4900410D09 /* nu-logo.png in Resources */ = {isa = PBXBuildFile; fileRef = 002B2E4314362E4900410D09 /* nu-logo.png */; };
		002D3B1114E1BCFE00A30C8F /* surveyor.xcdatamodeld in Sources */ = {isa = PBXBuildFile; fileRef = 002D3B0F14E1BCFE00A30C8F /* surveyor.xcdatamodeld */; };
		0031315614E04BF800C0D0B1 /* SyncActivityIndicator.m in Sources */ = {isa = PBXBuildFile; fileRef = 0031315514E04BF800C0D0B1 /* SyncActivityIndicator.m */; };
		0031315E14E083C500C0D0B1 /* cacert.pem in Resources */ = {isa = PBXBuildFile; fileRef = 0031315D14E083C500C0D0B1 /* cacert.pem */; };
		003131EC14E089C400C0D0B1 /* libNUSurveyor.a in Frameworks */ = {isa = PBXBuildFile; fileRef = 003131E914E089C400C0D0B1 /* libNUSurveyor.a */; };
		003131ED14E089C400C0D0B1 /* libsbjson-ios.a in Frameworks */ = {isa = PBXBuildFile; fileRef = 003131EA14E089C400C0D0B1 /* libsbjson-ios.a */; };
		0037D2BD14B60AA100B7D05A /* libz.dylib in Frameworks */ = {isa = PBXBuildFile; fileRef = 0037D2BC14B60AA100B7D05A /* libz.dylib */; };
		0037D2BF14B60AAA00B7D05A /* libiconv.dylib in Frameworks */ = {isa = PBXBuildFile; fileRef = 0037D2BE14B60AAA00B7D05A /* libiconv.dylib */; };
		00393C92148E54C000671899 /* SingleOptionPicker.m in Sources */ = {isa = PBXBuildFile; fileRef = 00393C91148E54C000671899 /* SingleOptionPicker.m */; };
		00439FF814112E500097A878 /* CFNetwork.framework in Frameworks */ = {isa = PBXBuildFile; fileRef = 00439FF714112E500097A878 /* CFNetwork.framework */; };
		00439FFA14112E5E0097A878 /* CoreData.framework in Frameworks */ = {isa = PBXBuildFile; fileRef = 00439FF914112E5E0097A878 /* CoreData.framework */; };
		00439FFC14112E670097A878 /* MobileCoreServices.framework in Frameworks */ = {isa = PBXBuildFile; fileRef = 00439FFB14112E670097A878 /* MobileCoreServices.framework */; };
		00439FFE14112E6F0097A878 /* SystemConfiguration.framework in Frameworks */ = {isa = PBXBuildFile; fileRef = 00439FFD14112E6F0097A878 /* SystemConfiguration.framework */; };
		0045BDA91418017F007BB8AA /* Event.m in Sources */ = {isa = PBXBuildFile; fileRef = 0045BDA81418017F007BB8AA /* Event.m */; };
		0045BDAC14191FB1007BB8AA /* Contact.m in Sources */ = {isa = PBXBuildFile; fileRef = 0045BDAB14191FB1007BB8AA /* Contact.m */; };
		0045BDAF141921CD007BB8AA /* ContactTest.m in Sources */ = {isa = PBXBuildFile; fileRef = 0045BDAE141921CD007BB8AA /* ContactTest.m */; };
		004FC7131486BF8300A378DC /* PickerOptionTest.m in Sources */ = {isa = PBXBuildFile; fileRef = 004FC7111486BE8200A378DC /* PickerOptionTest.m */; };
		004FC7161486BFBC00A378DC /* PickerOption.m in Sources */ = {isa = PBXBuildFile; fileRef = 004FC7151486BFBC00A378DC /* PickerOption.m */; };
		004FC7191486CC1200A378DC /* ModelLoader.m in Sources */ = {isa = PBXBuildFile; fileRef = 004FC7181486CC1200A378DC /* ModelLoader.m */; };
		005108EE148440C000732623 /* NUScrollView.m in Sources */ = {isa = PBXBuildFile; fileRef = 005108ED148440C000732623 /* NUScrollView.m */; };
		00590AC81428F7D0008335EA /* ContactTableTest.m in Sources */ = {isa = PBXBuildFile; fileRef = 00590AC71428F7D0008335EA /* ContactTableTest.m */; };
		00590ACB14291818008335EA /* Address.m in Sources */ = {isa = PBXBuildFile; fileRef = 00590ACA14291818008335EA /* Address.m */; };
		006C600B1434DF0D00F52CD8 /* README.md in Resources */ = {isa = PBXBuildFile; fileRef = 006C600A1434DF0D00F52CD8 /* README.md */; };
		006D47FC148D94970035DC01 /* ChangeHandler.m in Sources */ = {isa = PBXBuildFile; fileRef = 006D47FB148D94970035DC01 /* ChangeHandler.m */; };
		006FDD8A148FD2E80001BADE /* TextField.m in Sources */ = {isa = PBXBuildFile; fileRef = 006FDD89148FD2E80001BADE /* TextField.m */; };
		00810AB81486D1AE0098C0D0 /* CoreData.framework in Frameworks */ = {isa = PBXBuildFile; fileRef = 00439FF914112E5E0097A878 /* CoreData.framework */; };
		00810B5F14896B070098C0D0 /* DatePicker.m in Sources */ = {isa = PBXBuildFile; fileRef = 00810B5E14896B070098C0D0 /* DatePicker.m */; };
		008911C814C7367B002CEACA /* NCSNavigatorField.plist-sample in Resources */ = {isa = PBXBuildFile; fileRef = 008911C714C7367B002CEACA /* NCSNavigatorField.plist-sample */; };
		008C5711149696DD005EC22E /* TextArea.m in Sources */ = {isa = PBXBuildFile; fileRef = 008C5710149696DD005EC22E /* TextArea.m */; };
		008F7DA1148BB3DD009BCF1D /* ContactInitiateVC.m in Sources */ = {isa = PBXBuildFile; fileRef = 008F7DA0148BB3DD009BCF1D /* ContactInitiateVC.m */; };
		008F7DA4148C1B16009BCF1D /* FormBuilder.m in Sources */ = {isa = PBXBuildFile; fileRef = 008F7DA3148C1B16009BCF1D /* FormBuilder.m */; };
		008F7DA7148C64AC009BCF1D /* FormBuilderCursor.m in Sources */ = {isa = PBXBuildFile; fileRef = 008F7DA6148C64AC009BCF1D /* FormBuilderCursor.m */; };
		009827831434D10C002A8777 /* libRestKitJSONParserJSONKit.a in Frameworks */ = {isa = PBXBuildFile; fileRef = 009827781434D088002A8777 /* libRestKitJSONParserJSONKit.a */; };
		009827841434D10C002A8777 /* libRestKitNetwork.a in Frameworks */ = {isa = PBXBuildFile; fileRef = 0098276C1434D088002A8777 /* libRestKitNetwork.a */; };
		009827851434D10C002A8777 /* libRestKitObjectMapping.a in Frameworks */ = {isa = PBXBuildFile; fileRef = 0098276E1434D088002A8777 /* libRestKitObjectMapping.a */; };
		009827861434D10C002A8777 /* libRestKitSupport.a in Frameworks */ = {isa = PBXBuildFile; fileRef = 009827701434D088002A8777 /* libRestKitSupport.a */; };
		009AD2E4142D391A0038650B /* SimpleTableController.m in Sources */ = {isa = PBXBuildFile; fileRef = 009AD2E3142D391A0038650B /* SimpleTableController.m */; };
		009EE2791436220C00E6D658 /* LoginController.xib in Resources */ = {isa = PBXBuildFile; fileRef = 009EE2781436220C00E6D658 /* LoginController.xib */; };
		00A03C781499536700223FD2 /* InstrumentListVC.m in Sources */ = {isa = PBXBuildFile; fileRef = 00A03C761499536700223FD2 /* InstrumentListVC.m */; };
		00A03C791499536700223FD2 /* InstrumentListVC.xib in Resources */ = {isa = PBXBuildFile; fileRef = 00A03C771499536700223FD2 /* InstrumentListVC.xib */; };
		00A392DF14361C53003B19F3 /* LoginController.m in Sources */ = {isa = PBXBuildFile; fileRef = 00A392DD14361C53003B19F3 /* LoginController.m */; };
		00AEB0461474D31C00952EBD /* TASKS.md in Resources */ = {isa = PBXBuildFile; fileRef = 00AEB0451474D31C00952EBD /* TASKS.md */; };
		00B6CD00146B1A77004767BE /* Location.m in Sources */ = {isa = PBXBuildFile; fileRef = 00B6CCFF146B1A77004767BE /* Location.m */; };
		00B7CCA814BDFB6E00D5901C /* DispositionCode.m in Sources */ = {isa = PBXBuildFile; fileRef = 00B7CCA714BDFB6E00D5901C /* DispositionCode.m */; };
		00C4095D1471DD5E00F0F3FA /* InstrumentTemplate.m in Sources */ = {isa = PBXBuildFile; fileRef = 00C4095C1471DD5E00F0F3FA /* InstrumentTemplate.m */; };
		00C67AF514C765CE005D2543 /* NUCas.plist-sample in Resources */ = {isa = PBXBuildFile; fileRef = 00C67AF414C765CE005D2543 /* NUCas.plist-sample */; };
		00C9C6E2146C7D8400F6D339 /* libRestKitCoreData.a in Frameworks */ = {isa = PBXBuildFile; fileRef = 0098277C1434D088002A8777 /* libRestKitCoreData.a */; };
		00C9C6E5146CE66300F6D339 /* main.xcdatamodeld in Sources */ = {isa = PBXBuildFile; fileRef = 00C9C6E3146CE66300F6D339 /* main.xcdatamodeld */; };
		00E32348142153CD00D3AEED /* Fixtures.m in Sources */ = {isa = PBXBuildFile; fileRef = 00E32347142153CD00D3AEED /* Fixtures.m */; };
		00E32351142280AD00D3AEED /* ContactManagerTest.m in Sources */ = {isa = PBXBuildFile; fileRef = 00E32350142280AD00D3AEED /* ContactManagerTest.m */; };
		00E323571422A23A00D3AEED /* Section.m in Sources */ = {isa = PBXBuildFile; fileRef = 00E323561422A23A00D3AEED /* Section.m */; };
		00E3235A1422B08200D3AEED /* Row.m in Sources */ = {isa = PBXBuildFile; fileRef = 00E323591422B08200D3AEED /* Row.m */; };
		00E3235D1422EB6A00D3AEED /* ContactTable.m in Sources */ = {isa = PBXBuildFile; fileRef = 00E3235C1422EB6A00D3AEED /* ContactTable.m */; };
		00EDE59914B4048900B8A643 /* libNUCas.a in Frameworks */ = {isa = PBXBuildFile; fileRef = 00EDE59814B4048900B8A643 /* libNUCas.a */; };
		00F10AB014DB042200387762 /* MBProgressHUD.m in Sources */ = {isa = PBXBuildFile; fileRef = 00F10AAF14DB042200387762 /* MBProgressHUD.m */; };
		00FF37DE1417C50D0009B1D4 /* Instrument.m in Sources */ = {isa = PBXBuildFile; fileRef = 00FF37DD1417C50D0009B1D4 /* Instrument.m */; };
		00FF37E71417D2380009B1D4 /* ContactNavigationTableTest.m in Sources */ = {isa = PBXBuildFile; fileRef = 00FF37E41417CFA30009B1D4 /* ContactNavigationTableTest.m */; };
		00FF37E81417D2B80009B1D4 /* ContactNavigationTableTest.h in Resources */ = {isa = PBXBuildFile; fileRef = 00FF37E31417CFA30009B1D4 /* ContactNavigationTableTest.h */; };
/* End PBXBuildFile section */

/* Begin PBXContainerItemProxy section */
		0026E68F140347E700355BCB /* PBXContainerItemProxy */ = {
			isa = PBXContainerItemProxy;
			containerPortal = 0026E65B140347E700355BCB /* Project object */;
			proxyType = 1;
			remoteGlobalIDString = 0026E663140347E700355BCB;
			remoteInfo = NCSMobile;
		};
		0098276B1434D088002A8777 /* PBXContainerItemProxy */ = {
			isa = PBXContainerItemProxy;
			containerPortal = 009827571434D088002A8777 /* RestKit.xcodeproj */;
			proxyType = 2;
			remoteGlobalIDString = 253A07FC1255161B00976E89;
			remoteInfo = RestKitNetwork;
		};
		0098276D1434D088002A8777 /* PBXContainerItemProxy */ = {
			isa = PBXContainerItemProxy;
			containerPortal = 009827571434D088002A8777 /* RestKit.xcodeproj */;
			proxyType = 2;
			remoteGlobalIDString = 253A08031255162C00976E89;
			remoteInfo = RestKitObjectMapping;
		};
		0098276F1434D088002A8777 /* PBXContainerItemProxy */ = {
			isa = PBXContainerItemProxy;
			containerPortal = 009827571434D088002A8777 /* RestKit.xcodeproj */;
			proxyType = 2;
			remoteGlobalIDString = 253A080C12551D3000976E89;
			remoteInfo = RestKitSupport;
		};
		009827711434D088002A8777 /* PBXContainerItemProxy */ = {
			isa = PBXContainerItemProxy;
			containerPortal = 009827571434D088002A8777 /* RestKit.xcodeproj */;
			proxyType = 2;
			remoteGlobalIDString = 20808DBD13DE8CDC000A156A;
			remoteInfo = "RestKitJSONParser+NXJSON";
		};
		009827731434D088002A8777 /* PBXContainerItemProxy */ = {
			isa = PBXContainerItemProxy;
			containerPortal = 009827571434D088002A8777 /* RestKit.xcodeproj */;
			proxyType = 2;
			remoteGlobalIDString = 2590E64F125231F600531FA8;
			remoteInfo = "RestKitJSONParser+YAJL";
		};
		009827751434D088002A8777 /* PBXContainerItemProxy */ = {
			isa = PBXContainerItemProxy;
			containerPortal = 009827571434D088002A8777 /* RestKit.xcodeproj */;
			proxyType = 2;
			remoteGlobalIDString = 2590E66B1252353700531FA8;
			remoteInfo = "RestKitJSONParser+SBJSON";
		};
		009827771434D088002A8777 /* PBXContainerItemProxy */ = {
			isa = PBXContainerItemProxy;
			containerPortal = 009827571434D088002A8777 /* RestKit.xcodeproj */;
			proxyType = 2;
			remoteGlobalIDString = 73057FD11331AD2E001908EE;
			remoteInfo = "RestKitJSONParser+JSONKit";
		};
		009827791434D088002A8777 /* PBXContainerItemProxy */ = {
			isa = PBXContainerItemProxy;
			containerPortal = 009827571434D088002A8777 /* RestKit.xcodeproj */;
			proxyType = 2;
			remoteGlobalIDString = 25BD43BD1340315800DBACDD;
			remoteInfo = "RestKitXMLParser+Libxml";
		};
		0098277B1434D088002A8777 /* PBXContainerItemProxy */ = {
			isa = PBXContainerItemProxy;
			containerPortal = 009827571434D088002A8777 /* RestKit.xcodeproj */;
			proxyType = 2;
			remoteGlobalIDString = 253A081412551D5300976E89;
			remoteInfo = RestKitCoreData;
		};
		0098277D1434D088002A8777 /* PBXContainerItemProxy */ = {
			isa = PBXContainerItemProxy;
			containerPortal = 009827571434D088002A8777 /* RestKit.xcodeproj */;
			proxyType = 2;
			remoteGlobalIDString = 2523360511E79F090048F9B4;
			remoteInfo = RestKitThree20;
		};
		0098277F1434D088002A8777 /* PBXContainerItemProxy */ = {
			isa = PBXContainerItemProxy;
			containerPortal = 009827571434D088002A8777 /* RestKit.xcodeproj */;
			proxyType = 2;
			remoteGlobalIDString = 3F6C39A510FE5C95008F47C5;
			remoteInfo = "RestKit Specs";
		};
		009827811434D0CD002A8777 /* PBXContainerItemProxy */ = {
			isa = PBXContainerItemProxy;
			containerPortal = 009827571434D088002A8777 /* RestKit.xcodeproj */;
			proxyType = 1;
			remoteGlobalIDString = 255B7588133BABBF00ED76AD;
			remoteInfo = RestKit;
		};
/* End PBXContainerItemProxy section */

/* Begin PBXFileReference section */
		0013ED9A14B65D84009F85CF /* NUCas.plist */ = {isa = PBXFileReference; fileEncoding = 4; lastKnownFileType = text.plist.xml; name = NUCas.plist; path = NCSMobile/NUCas.plist; sourceTree = "<group>"; };
		00145BA6149A7BEF00D3C1B5 /* ContactCloseVC.h */ = {isa = PBXFileReference; fileEncoding = 4; lastKnownFileType = sourcecode.c.h; path = ContactCloseVC.h; sourceTree = "<group>"; };
		00145BA7149A7BEF00D3C1B5 /* ContactCloseVC.m */ = {isa = PBXFileReference; fileEncoding = 4; lastKnownFileType = sourcecode.c.objc; path = ContactCloseVC.m; sourceTree = "<group>"; };
		0018F03114C4BD160058D8F2 /* Configuration.h */ = {isa = PBXFileReference; fileEncoding = 4; lastKnownFileType = sourcecode.c.h; path = Configuration.h; sourceTree = "<group>"; };
		0018F03214C4BD160058D8F2 /* Configuration.m */ = {isa = PBXFileReference; fileEncoding = 4; lastKnownFileType = sourcecode.c.objc; path = Configuration.m; sourceTree = "<group>"; };
		0018F0A014C4BE880058D8F2 /* NCSNavigatorField.plist */ = {isa = PBXFileReference; fileEncoding = 4; lastKnownFileType = text.plist.xml; path = NCSNavigatorField.plist; sourceTree = "<group>"; };
		0021785014E0E56600056745 /* QuartzCore.framework */ = {isa = PBXFileReference; lastKnownFileType = wrapper.framework; name = QuartzCore.framework; path = System/Library/Frameworks/QuartzCore.framework; sourceTree = SDKROOT; };
		0026465B1434CDF9008D612B /* ContactNavigationTable.h */ = {isa = PBXFileReference; fileEncoding = 4; lastKnownFileType = sourcecode.c.h; path = ContactNavigationTable.h; sourceTree = "<group>"; };
		0026465C1434CDF9008D612B /* ContactNavigationTable.m */ = {isa = PBXFileReference; fileEncoding = 4; lastKnownFileType = sourcecode.c.objc; path = ContactNavigationTable.m; sourceTree = "<group>"; };
		0026465E1434CE02008D612B /* Person.h */ = {isa = PBXFileReference; fileEncoding = 4; lastKnownFileType = sourcecode.c.h; path = Person.h; sourceTree = "<group>"; };
		0026465F1434CE02008D612B /* Person.m */ = {isa = PBXFileReference; fileEncoding = 4; lastKnownFileType = sourcecode.c.objc; path = Person.m; sourceTree = "<group>"; };
		0026E664140347E700355BCB /* NCSMobile.app */ = {isa = PBXFileReference; explicitFileType = wrapper.application; includeInIndex = 0; path = NCSMobile.app; sourceTree = BUILT_PRODUCTS_DIR; };
		0026E668140347E700355BCB /* UIKit.framework */ = {isa = PBXFileReference; lastKnownFileType = wrapper.framework; name = UIKit.framework; path = System/Library/Frameworks/UIKit.framework; sourceTree = SDKROOT; };
		0026E66A140347E700355BCB /* Foundation.framework */ = {isa = PBXFileReference; lastKnownFileType = wrapper.framework; name = Foundation.framework; path = System/Library/Frameworks/Foundation.framework; sourceTree = SDKROOT; };
		0026E66C140347E700355BCB /* CoreGraphics.framework */ = {isa = PBXFileReference; lastKnownFileType = wrapper.framework; name = CoreGraphics.framework; path = System/Library/Frameworks/CoreGraphics.framework; sourceTree = SDKROOT; };
		0026E670140347E700355BCB /* NCSMobile-Info.plist */ = {isa = PBXFileReference; lastKnownFileType = text.plist.xml; name = "NCSMobile-Info.plist"; path = "NCSMobile/NCSMobile-Info.plist"; sourceTree = "<group>"; };
		0026E672140347E700355BCB /* en */ = {isa = PBXFileReference; lastKnownFileType = text.plist.strings; name = en; path = en.lproj/InfoPlist.strings; sourceTree = "<group>"; };
		0026E674140347E700355BCB /* NCSMobile-Prefix.pch */ = {isa = PBXFileReference; lastKnownFileType = sourcecode.c.h; name = "NCSMobile-Prefix.pch"; path = "NCSMobile/NCSMobile-Prefix.pch"; sourceTree = "<group>"; };
		0026E675140347E700355BCB /* main.m */ = {isa = PBXFileReference; lastKnownFileType = sourcecode.c.objc; name = main.m; path = NCSMobile/main.m; sourceTree = "<group>"; };
		0026E677140347E700355BCB /* NCSMobileAppDelegate.h */ = {isa = PBXFileReference; lastKnownFileType = sourcecode.c.h; path = NCSMobileAppDelegate.h; sourceTree = "<group>"; };
		0026E678140347E700355BCB /* NCSMobileAppDelegate.m */ = {isa = PBXFileReference; lastKnownFileType = sourcecode.c.objc; path = NCSMobileAppDelegate.m; sourceTree = "<group>"; };
		0026E67B140347E700355BCB /* en */ = {isa = PBXFileReference; lastKnownFileType = file.xib; name = en; path = en.lproj/MainWindow.xib; sourceTree = "<group>"; };
		0026E67D140347E700355BCB /* ContactDisplayController.h */ = {isa = PBXFileReference; lastKnownFileType = sourcecode.c.h; lineEnding = 0; path = ContactDisplayController.h; sourceTree = "<group>"; xcLanguageSpecificationIdentifier = xcode.lang.objcpp; };
		0026E67E140347E700355BCB /* ContactDisplayController.m */ = {isa = PBXFileReference; lastKnownFileType = sourcecode.c.objc; path = ContactDisplayController.m; sourceTree = "<group>"; };
		0026E681140347E700355BCB /* en */ = {isa = PBXFileReference; lastKnownFileType = file.xib; name = en; path = en.lproj/DetailView.xib; sourceTree = "<group>"; };
		0026E683140347E700355BCB /* RootViewController.h */ = {isa = PBXFileReference; lastKnownFileType = sourcecode.c.h; path = RootViewController.h; sourceTree = "<group>"; };
		0026E684140347E700355BCB /* RootViewController.m */ = {isa = PBXFileReference; lastKnownFileType = sourcecode.c.objc; lineEnding = 0; path = RootViewController.m; sourceTree = "<group>"; xcLanguageSpecificationIdentifier = xcode.lang.objc; };
		0026E68B140347E700355BCB /* NCSMobileTests.octest */ = {isa = PBXFileReference; explicitFileType = wrapper.cfbundle; includeInIndex = 0; path = NCSMobileTests.octest; sourceTree = BUILT_PRODUCTS_DIR; };
		0026E693140347E700355BCB /* NCSMobileTests-Info.plist */ = {isa = PBXFileReference; lastKnownFileType = text.plist.xml; path = "NCSMobileTests-Info.plist"; sourceTree = "<group>"; };
		0026E695140347E700355BCB /* en */ = {isa = PBXFileReference; lastKnownFileType = text.plist.strings; name = en; path = en.lproj/InfoPlist.strings; sourceTree = "<group>"; };
		0026E697140347E700355BCB /* NCSMobileTests-Prefix.pch */ = {isa = PBXFileReference; lastKnownFileType = sourcecode.c.h; path = "NCSMobileTests-Prefix.pch"; sourceTree = "<group>"; };
		002B2E4214362E4900410D09 /* nubic-logo.png */ = {isa = PBXFileReference; lastKnownFileType = image.png; name = "nubic-logo.png"; path = "NCSMobile/nubic-logo.png"; sourceTree = "<group>"; };
		002B2E4314362E4900410D09 /* nu-logo.png */ = {isa = PBXFileReference; lastKnownFileType = image.png; name = "nu-logo.png"; path = "NCSMobile/nu-logo.png"; sourceTree = "<group>"; };
		002D3B1014E1BCFE00A30C8F /* surveyor.xcdatamodel */ = {isa = PBXFileReference; lastKnownFileType = wrapper.xcdatamodel; path = surveyor.xcdatamodel; sourceTree = "<group>"; };
		0031315414E04BF800C0D0B1 /* SyncActivityIndicator.h */ = {isa = PBXFileReference; fileEncoding = 4; lastKnownFileType = sourcecode.c.h; path = SyncActivityIndicator.h; sourceTree = "<group>"; };
		0031315514E04BF800C0D0B1 /* SyncActivityIndicator.m */ = {isa = PBXFileReference; fileEncoding = 4; lastKnownFileType = sourcecode.c.objc; path = SyncActivityIndicator.m; sourceTree = "<group>"; };
		0031315D14E083C500C0D0B1 /* cacert.pem */ = {isa = PBXFileReference; fileEncoding = 4; lastKnownFileType = text; path = cacert.pem; sourceTree = "<group>"; };
		003131E914E089C400C0D0B1 /* libNUSurveyor.a */ = {isa = PBXFileReference; lastKnownFileType = archive.ar; name = libNUSurveyor.a; path = "nu_surveyor/build/Release-iphoneos/libNUSurveyor.a"; sourceTree = "<group>"; };
		003131EA14E089C400C0D0B1 /* libsbjson-ios.a */ = {isa = PBXFileReference; lastKnownFileType = archive.ar; name = "libsbjson-ios.a"; path = "json-framework/build/Release-iphoneos/libsbjson-ios.a"; sourceTree = "<group>"; };
		003131EB14E089C400C0D0B1 /* SBJson.framework */ = {isa = PBXFileReference; lastKnownFileType = wrapper.framework; name = SBJson.framework; path = "json-framework/build/Release/SBJson.framework"; sourceTree = "<group>"; };
		0037D2BC14B60AA100B7D05A /* libz.dylib */ = {isa = PBXFileReference; lastKnownFileType = "compiled.mach-o.dylib"; name = libz.dylib; path = usr/lib/libz.dylib; sourceTree = SDKROOT; };
		0037D2BE14B60AAA00B7D05A /* libiconv.dylib */ = {isa = PBXFileReference; lastKnownFileType = "compiled.mach-o.dylib"; name = libiconv.dylib; path = usr/lib/libiconv.dylib; sourceTree = SDKROOT; };
		00393C90148E54C000671899 /* SingleOptionPicker.h */ = {isa = PBXFileReference; fileEncoding = 4; lastKnownFileType = sourcecode.c.h; path = SingleOptionPicker.h; sourceTree = "<group>"; };
		00393C91148E54C000671899 /* SingleOptionPicker.m */ = {isa = PBXFileReference; fileEncoding = 4; lastKnownFileType = sourcecode.c.objc; path = SingleOptionPicker.m; sourceTree = "<group>"; };
		00439FF714112E500097A878 /* CFNetwork.framework */ = {isa = PBXFileReference; lastKnownFileType = wrapper.framework; name = CFNetwork.framework; path = System/Library/Frameworks/CFNetwork.framework; sourceTree = SDKROOT; };
		00439FF914112E5E0097A878 /* CoreData.framework */ = {isa = PBXFileReference; lastKnownFileType = wrapper.framework; name = CoreData.framework; path = System/Library/Frameworks/CoreData.framework; sourceTree = SDKROOT; };
		00439FFB14112E670097A878 /* MobileCoreServices.framework */ = {isa = PBXFileReference; lastKnownFileType = wrapper.framework; name = MobileCoreServices.framework; path = System/Library/Frameworks/MobileCoreServices.framework; sourceTree = SDKROOT; };
		00439FFD14112E6F0097A878 /* SystemConfiguration.framework */ = {isa = PBXFileReference; lastKnownFileType = wrapper.framework; name = SystemConfiguration.framework; path = System/Library/Frameworks/SystemConfiguration.framework; sourceTree = SDKROOT; };
		0045BDA81418017F007BB8AA /* Event.m */ = {isa = PBXFileReference; fileEncoding = 4; lastKnownFileType = sourcecode.c.objc; path = Event.m; sourceTree = "<group>"; };
		0045BDAA14191FB1007BB8AA /* Contact.h */ = {isa = PBXFileReference; fileEncoding = 4; lastKnownFileType = sourcecode.c.h; path = Contact.h; sourceTree = "<group>"; };
		0045BDAB14191FB1007BB8AA /* Contact.m */ = {isa = PBXFileReference; fileEncoding = 4; lastKnownFileType = sourcecode.c.objc; path = Contact.m; sourceTree = "<group>"; };
		0045BDAD141921CD007BB8AA /* ContactTest.h */ = {isa = PBXFileReference; fileEncoding = 4; lastKnownFileType = sourcecode.c.h; path = ContactTest.h; sourceTree = "<group>"; };
		0045BDAE141921CD007BB8AA /* ContactTest.m */ = {isa = PBXFileReference; fileEncoding = 4; lastKnownFileType = sourcecode.c.objc; path = ContactTest.m; sourceTree = "<group>"; };
		004FC7101486BE8200A378DC /* PickerOptionTest.h */ = {isa = PBXFileReference; fileEncoding = 4; lastKnownFileType = sourcecode.c.h; path = PickerOptionTest.h; sourceTree = "<group>"; };
		004FC7111486BE8200A378DC /* PickerOptionTest.m */ = {isa = PBXFileReference; fileEncoding = 4; lastKnownFileType = sourcecode.c.objc; path = PickerOptionTest.m; sourceTree = "<group>"; };
		004FC7141486BFBC00A378DC /* PickerOption.h */ = {isa = PBXFileReference; fileEncoding = 4; lastKnownFileType = sourcecode.c.h; path = PickerOption.h; sourceTree = "<group>"; };
		004FC7151486BFBC00A378DC /* PickerOption.m */ = {isa = PBXFileReference; fileEncoding = 4; lastKnownFileType = sourcecode.c.objc; path = PickerOption.m; sourceTree = "<group>"; };
		004FC7171486CC1200A378DC /* ModelLoader.h */ = {isa = PBXFileReference; fileEncoding = 4; lastKnownFileType = sourcecode.c.h; path = ModelLoader.h; sourceTree = "<group>"; };
		004FC7181486CC1200A378DC /* ModelLoader.m */ = {isa = PBXFileReference; fileEncoding = 4; lastKnownFileType = sourcecode.c.objc; path = ModelLoader.m; sourceTree = "<group>"; };
		005108EC148440C000732623 /* NUScrollView.h */ = {isa = PBXFileReference; fileEncoding = 4; lastKnownFileType = sourcecode.c.h; path = NUScrollView.h; sourceTree = "<group>"; };
		005108ED148440C000732623 /* NUScrollView.m */ = {isa = PBXFileReference; fileEncoding = 4; lastKnownFileType = sourcecode.c.objc; path = NUScrollView.m; sourceTree = "<group>"; };
		00590AC61428F7D0008335EA /* ContactTableTest.h */ = {isa = PBXFileReference; fileEncoding = 4; lastKnownFileType = sourcecode.c.h; path = ContactTableTest.h; sourceTree = "<group>"; };
		00590AC71428F7D0008335EA /* ContactTableTest.m */ = {isa = PBXFileReference; fileEncoding = 4; lastKnownFileType = sourcecode.c.objc; path = ContactTableTest.m; sourceTree = "<group>"; };
		00590AC914291818008335EA /* Address.h */ = {isa = PBXFileReference; fileEncoding = 4; lastKnownFileType = sourcecode.c.h; path = Address.h; sourceTree = "<group>"; };
		00590ACA14291818008335EA /* Address.m */ = {isa = PBXFileReference; fileEncoding = 4; lastKnownFileType = sourcecode.c.objc; path = Address.m; sourceTree = "<group>"; };
		006C600A1434DF0D00F52CD8 /* README.md */ = {isa = PBXFileReference; fileEncoding = 4; lastKnownFileType = text; path = README.md; sourceTree = "<group>"; };
		006D47FA148D94970035DC01 /* ChangeHandler.h */ = {isa = PBXFileReference; fileEncoding = 4; lastKnownFileType = sourcecode.c.h; path = ChangeHandler.h; sourceTree = "<group>"; };
		006D47FB148D94970035DC01 /* ChangeHandler.m */ = {isa = PBXFileReference; fileEncoding = 4; lastKnownFileType = sourcecode.c.objc; path = ChangeHandler.m; sourceTree = "<group>"; };
		006EBEE1141139B2003D69CF /* Event.h */ = {isa = PBXFileReference; fileEncoding = 4; lastKnownFileType = sourcecode.c.h; path = Event.h; sourceTree = "<group>"; };
		006FDD88148FD2E80001BADE /* TextField.h */ = {isa = PBXFileReference; fileEncoding = 4; lastKnownFileType = sourcecode.c.h; path = TextField.h; sourceTree = "<group>"; };
		006FDD89148FD2E80001BADE /* TextField.m */ = {isa = PBXFileReference; fileEncoding = 4; lastKnownFileType = sourcecode.c.objc; path = TextField.m; sourceTree = "<group>"; };
		00810B5D14896B070098C0D0 /* DatePicker.h */ = {isa = PBXFileReference; fileEncoding = 4; lastKnownFileType = sourcecode.c.h; path = DatePicker.h; sourceTree = "<group>"; };
		00810B5E14896B070098C0D0 /* DatePicker.m */ = {isa = PBXFileReference; fileEncoding = 4; lastKnownFileType = sourcecode.c.objc; path = DatePicker.m; sourceTree = "<group>"; };
		008911C714C7367B002CEACA /* NCSNavigatorField.plist-sample */ = {isa = PBXFileReference; fileEncoding = 4; lastKnownFileType = text.xml; path = "NCSNavigatorField.plist-sample"; sourceTree = "<group>"; };
		008C570F149696DD005EC22E /* TextArea.h */ = {isa = PBXFileReference; fileEncoding = 4; lastKnownFileType = sourcecode.c.h; path = TextArea.h; sourceTree = "<group>"; };
		008C5710149696DD005EC22E /* TextArea.m */ = {isa = PBXFileReference; fileEncoding = 4; lastKnownFileType = sourcecode.c.objc; path = TextArea.m; sourceTree = "<group>"; };
		008F7D9F148BB3DD009BCF1D /* ContactInitiateVC.h */ = {isa = PBXFileReference; fileEncoding = 4; lastKnownFileType = sourcecode.c.h; path = ContactInitiateVC.h; sourceTree = "<group>"; };
		008F7DA0148BB3DD009BCF1D /* ContactInitiateVC.m */ = {isa = PBXFileReference; fileEncoding = 4; lastKnownFileType = sourcecode.c.objc; path = ContactInitiateVC.m; sourceTree = "<group>"; };
		008F7DA2148C1B16009BCF1D /* FormBuilder.h */ = {isa = PBXFileReference; fileEncoding = 4; lastKnownFileType = sourcecode.c.h; path = FormBuilder.h; sourceTree = "<group>"; };
		008F7DA3148C1B16009BCF1D /* FormBuilder.m */ = {isa = PBXFileReference; fileEncoding = 4; lastKnownFileType = sourcecode.c.objc; path = FormBuilder.m; sourceTree = "<group>"; };
		008F7DA5148C64AC009BCF1D /* FormBuilderCursor.h */ = {isa = PBXFileReference; fileEncoding = 4; lastKnownFileType = sourcecode.c.h; path = FormBuilderCursor.h; sourceTree = "<group>"; };
		008F7DA6148C64AC009BCF1D /* FormBuilderCursor.m */ = {isa = PBXFileReference; fileEncoding = 4; lastKnownFileType = sourcecode.c.objc; path = FormBuilderCursor.m; sourceTree = "<group>"; };
		009827571434D088002A8777 /* RestKit.xcodeproj */ = {isa = PBXFileReference; lastKnownFileType = "wrapper.pb-project"; name = RestKit.xcodeproj; path = RestKit/RestKit.xcodeproj; sourceTree = "<group>"; };
		009AD2E2142D391A0038650B /* SimpleTableController.h */ = {isa = PBXFileReference; fileEncoding = 4; lastKnownFileType = sourcecode.c.h; path = SimpleTableController.h; sourceTree = "<group>"; };
		009AD2E3142D391A0038650B /* SimpleTableController.m */ = {isa = PBXFileReference; fileEncoding = 4; lastKnownFileType = sourcecode.c.objc; path = SimpleTableController.m; sourceTree = "<group>"; };
		009AD2E61430D9BF0038650B /* SimpleTableRowDelegate.h */ = {isa = PBXFileReference; fileEncoding = 4; lastKnownFileType = sourcecode.c.h; path = SimpleTableRowDelegate.h; sourceTree = "<group>"; };
		009AD2E71430DA180038650B /* ISimpleTable.h */ = {isa = PBXFileReference; fileEncoding = 4; lastKnownFileType = sourcecode.c.h; path = ISimpleTable.h; sourceTree = "<group>"; };
		009EE2781436220C00E6D658 /* LoginController.xib */ = {isa = PBXFileReference; fileEncoding = 4; lastKnownFileType = file.xib; name = LoginController.xib; path = NCSMobile/LoginController.xib; sourceTree = "<group>"; };
		00A03C751499536700223FD2 /* InstrumentListVC.h */ = {isa = PBXFileReference; fileEncoding = 4; lastKnownFileType = sourcecode.c.h; path = InstrumentListVC.h; sourceTree = "<group>"; };
		00A03C761499536700223FD2 /* InstrumentListVC.m */ = {isa = PBXFileReference; fileEncoding = 4; lastKnownFileType = sourcecode.c.objc; path = InstrumentListVC.m; sourceTree = "<group>"; };
		00A03C771499536700223FD2 /* InstrumentListVC.xib */ = {isa = PBXFileReference; fileEncoding = 4; lastKnownFileType = file.xib; name = InstrumentListVC.xib; path = NCSMobile/InstrumentListVC.xib; sourceTree = "<group>"; };
		00A392DC14361C53003B19F3 /* LoginController.h */ = {isa = PBXFileReference; fileEncoding = 4; lastKnownFileType = sourcecode.c.h; path = LoginController.h; sourceTree = "<group>"; };
		00A392DD14361C53003B19F3 /* LoginController.m */ = {isa = PBXFileReference; fileEncoding = 4; lastKnownFileType = sourcecode.c.objc; path = LoginController.m; sourceTree = "<group>"; };
		00AEB0451474D31C00952EBD /* TASKS.md */ = {isa = PBXFileReference; fileEncoding = 4; lastKnownFileType = text; path = TASKS.md; sourceTree = "<group>"; };
		00B6CCFE146B1A77004767BE /* Location.h */ = {isa = PBXFileReference; fileEncoding = 4; lastKnownFileType = sourcecode.c.h; path = Location.h; sourceTree = "<group>"; };
		00B6CCFF146B1A77004767BE /* Location.m */ = {isa = PBXFileReference; fileEncoding = 4; lastKnownFileType = sourcecode.c.objc; path = Location.m; sourceTree = "<group>"; };
		00B7CCA614BDFB6E00D5901C /* DispositionCode.h */ = {isa = PBXFileReference; fileEncoding = 4; lastKnownFileType = sourcecode.c.h; path = DispositionCode.h; sourceTree = "<group>"; };
		00B7CCA714BDFB6E00D5901C /* DispositionCode.m */ = {isa = PBXFileReference; fileEncoding = 4; lastKnownFileType = sourcecode.c.objc; path = DispositionCode.m; sourceTree = "<group>"; };
		00C4095B1471DD5E00F0F3FA /* InstrumentTemplate.h */ = {isa = PBXFileReference; fileEncoding = 4; lastKnownFileType = sourcecode.c.h; path = InstrumentTemplate.h; sourceTree = "<group>"; };
		00C4095C1471DD5E00F0F3FA /* InstrumentTemplate.m */ = {isa = PBXFileReference; fileEncoding = 4; lastKnownFileType = sourcecode.c.objc; path = InstrumentTemplate.m; sourceTree = "<group>"; };
		00C67AF414C765CE005D2543 /* NUCas.plist-sample */ = {isa = PBXFileReference; fileEncoding = 4; lastKnownFileType = text.xml; name = "NUCas.plist-sample"; path = "NCSMobile/NUCas.plist-sample"; sourceTree = "<group>"; };
		00C9C6E4146CE66300F6D339 /* main.xcdatamodel */ = {isa = PBXFileReference; lastKnownFileType = wrapper.xcdatamodel; path = main.xcdatamodel; sourceTree = "<group>"; };
		00E32346142153CD00D3AEED /* Fixtures.h */ = {isa = PBXFileReference; fileEncoding = 4; lastKnownFileType = sourcecode.c.h; path = Fixtures.h; sourceTree = "<group>"; };
		00E32347142153CD00D3AEED /* Fixtures.m */ = {isa = PBXFileReference; fileEncoding = 4; lastKnownFileType = sourcecode.c.objc; path = Fixtures.m; sourceTree = "<group>"; };
		00E3234F142280AD00D3AEED /* ContactManagerTest.h */ = {isa = PBXFileReference; fileEncoding = 4; lastKnownFileType = sourcecode.c.h; path = ContactManagerTest.h; sourceTree = "<group>"; };
		00E32350142280AD00D3AEED /* ContactManagerTest.m */ = {isa = PBXFileReference; fileEncoding = 4; lastKnownFileType = sourcecode.c.objc; path = ContactManagerTest.m; sourceTree = "<group>"; };
		00E323551422A23A00D3AEED /* Section.h */ = {isa = PBXFileReference; fileEncoding = 4; lastKnownFileType = sourcecode.c.h; path = Section.h; sourceTree = "<group>"; };
		00E323561422A23A00D3AEED /* Section.m */ = {isa = PBXFileReference; fileEncoding = 4; lastKnownFileType = sourcecode.c.objc; path = Section.m; sourceTree = "<group>"; };
		00E323581422B08200D3AEED /* Row.h */ = {isa = PBXFileReference; fileEncoding = 4; lastKnownFileType = sourcecode.c.h; path = Row.h; sourceTree = "<group>"; };
		00E323591422B08200D3AEED /* Row.m */ = {isa = PBXFileReference; fileEncoding = 4; lastKnownFileType = sourcecode.c.objc; path = Row.m; sourceTree = "<group>"; };
		00E3235B1422EB6A00D3AEED /* ContactTable.h */ = {isa = PBXFileReference; fileEncoding = 4; lastKnownFileType = sourcecode.c.h; path = ContactTable.h; sourceTree = "<group>"; };
		00E3235C1422EB6A00D3AEED /* ContactTable.m */ = {isa = PBXFileReference; fileEncoding = 4; lastKnownFileType = sourcecode.c.objc; path = ContactTable.m; sourceTree = "<group>"; };
		00EDE59814B4048900B8A643 /* libNUCas.a */ = {isa = PBXFileReference; lastKnownFileType = archive.ar; name = libNUCas.a; path = "../NUCas/build/Release-iphoneos/libNUCas.a"; sourceTree = "<group>"; };
		00F10AAE14DB042200387762 /* MBProgressHUD.h */ = {isa = PBXFileReference; fileEncoding = 4; lastKnownFileType = sourcecode.c.h; name = MBProgressHUD.h; path = MBProgressHUD/MBProgressHUD.h; sourceTree = "<group>"; };
		00F10AAF14DB042200387762 /* MBProgressHUD.m */ = {isa = PBXFileReference; fileEncoding = 4; lastKnownFileType = sourcecode.c.objc; name = MBProgressHUD.m; path = MBProgressHUD/MBProgressHUD.m; sourceTree = "<group>"; };
		00FF37DC1417C50D0009B1D4 /* Instrument.h */ = {isa = PBXFileReference; fileEncoding = 4; lastKnownFileType = sourcecode.c.h; path = Instrument.h; sourceTree = "<group>"; };
		00FF37DD1417C50D0009B1D4 /* Instrument.m */ = {isa = PBXFileReference; fileEncoding = 4; lastKnownFileType = sourcecode.c.objc; path = Instrument.m; sourceTree = "<group>"; };
		00FF37E31417CFA30009B1D4 /* ContactNavigationTableTest.h */ = {isa = PBXFileReference; fileEncoding = 4; lastKnownFileType = sourcecode.c.h; path = ContactNavigationTableTest.h; sourceTree = "<group>"; };
		00FF37E41417CFA30009B1D4 /* ContactNavigationTableTest.m */ = {isa = PBXFileReference; fileEncoding = 4; lastKnownFileType = sourcecode.c.objc; path = ContactNavigationTableTest.m; sourceTree = "<group>"; };
/* End PBXFileReference section */

/* Begin PBXFrameworksBuildPhase section */
		0026E661140347E700355BCB /* Frameworks */ = {
			isa = PBXFrameworksBuildPhase;
			buildActionMask = 2147483647;
			files = (
				003131EC14E089C400C0D0B1 /* libNUSurveyor.a in Frameworks */,
				003131ED14E089C400C0D0B1 /* libsbjson-ios.a in Frameworks */,
				0037D2BF14B60AAA00B7D05A /* libiconv.dylib in Frameworks */,
				0037D2BD14B60AA100B7D05A /* libz.dylib in Frameworks */,
				00EDE59914B4048900B8A643 /* libNUCas.a in Frameworks */,
				00C9C6E2146C7D8400F6D339 /* libRestKitCoreData.a in Frameworks */,
				009827831434D10C002A8777 /* libRestKitJSONParserJSONKit.a in Frameworks */,
				009827841434D10C002A8777 /* libRestKitNetwork.a in Frameworks */,
				009827851434D10C002A8777 /* libRestKitObjectMapping.a in Frameworks */,
				009827861434D10C002A8777 /* libRestKitSupport.a in Frameworks */,
				00439FFE14112E6F0097A878 /* SystemConfiguration.framework in Frameworks */,
				00439FFC14112E670097A878 /* MobileCoreServices.framework in Frameworks */,
				00439FFA14112E5E0097A878 /* CoreData.framework in Frameworks */,
				00439FF814112E500097A878 /* CFNetwork.framework in Frameworks */,
				0026E669140347E700355BCB /* UIKit.framework in Frameworks */,
				0026E66B140347E700355BCB /* Foundation.framework in Frameworks */,
				0026E66D140347E700355BCB /* CoreGraphics.framework in Frameworks */,
			);
			runOnlyForDeploymentPostprocessing = 0;
		};
		0026E687140347E700355BCB /* Frameworks */ = {
			isa = PBXFrameworksBuildPhase;
			buildActionMask = 2147483647;
			files = (
				00810AB81486D1AE0098C0D0 /* CoreData.framework in Frameworks */,
				0026E68C140347E700355BCB /* UIKit.framework in Frameworks */,
				0026E68D140347E700355BCB /* Foundation.framework in Frameworks */,
				0026E68E140347E700355BCB /* CoreGraphics.framework in Frameworks */,
			);
			runOnlyForDeploymentPostprocessing = 0;
		};
/* End PBXFrameworksBuildPhase section */

/* Begin PBXGroup section */
		0026E659140347E700355BCB = {
			isa = PBXGroup;
			children = (
				0021785014E0E56600056745 /* QuartzCore.framework */,
				0031315D14E083C500C0D0B1 /* cacert.pem */,
				00C67AF414C765CE005D2543 /* NUCas.plist-sample */,
				008911C714C7367B002CEACA /* NCSNavigatorField.plist-sample */,
				0018F0A014C4BE880058D8F2 /* NCSNavigatorField.plist */,
				0013ED9A14B65D84009F85CF /* NUCas.plist */,
				00AEB0451474D31C00952EBD /* TASKS.md */,
				006C600A1434DF0D00F52CD8 /* README.md */,
				0043A016141133410097A878 /* Other Sources */,
				00439FFF141132B70097A878 /* Resources */,
				0026E66E140347E700355BCB /* Classes */,
				0026E691140347E700355BCB /* Tests */,
				0026E667140347E700355BCB /* Frameworks */,
				0026E665140347E700355BCB /* Products */,
			);
			sourceTree = "<group>";
		};
		0026E665140347E700355BCB /* Products */ = {
			isa = PBXGroup;
			children = (
				0026E664140347E700355BCB /* NCSMobile.app */,
				0026E68B140347E700355BCB /* NCSMobileTests.octest */,
			);
			name = Products;
			sourceTree = "<group>";
		};
		0026E667140347E700355BCB /* Frameworks */ = {
			isa = PBXGroup;
			children = (
				003131E914E089C400C0D0B1 /* libNUSurveyor.a */,
				003131EA14E089C400C0D0B1 /* libsbjson-ios.a */,
				003131EB14E089C400C0D0B1 /* SBJson.framework */,
				00F10AAD14DB040800387762 /* MBProgressHUD */,
				0037D2BE14B60AAA00B7D05A /* libiconv.dylib */,
				0037D2BC14B60AA100B7D05A /* libz.dylib */,
				00EDE59814B4048900B8A643 /* libNUCas.a */,
				009827571434D088002A8777 /* RestKit.xcodeproj */,
				00439FFD14112E6F0097A878 /* SystemConfiguration.framework */,
				00439FFB14112E670097A878 /* MobileCoreServices.framework */,
				00439FF914112E5E0097A878 /* CoreData.framework */,
				00439FF714112E500097A878 /* CFNetwork.framework */,
				0026E668140347E700355BCB /* UIKit.framework */,
				0026E66A140347E700355BCB /* Foundation.framework */,
				0026E66C140347E700355BCB /* CoreGraphics.framework */,
			);
			name = Frameworks;
			sourceTree = "<group>";
		};
		0026E66E140347E700355BCB /* Classes */ = {
			isa = PBXGroup;
			children = (
				00FF37E21417CA320009B1D4 /* Presenters */,
				006EBEE6141157BA003D69CF /* Models */,
				006EBEE5141157B6003D69CF /* Controllers */,
				006EBEE414115783003D69CF /* Delegates */,
			);
			name = Classes;
			path = NCSMobile;
			sourceTree = "<group>";
		};
		0026E691140347E700355BCB /* Tests */ = {
			isa = PBXGroup;
			children = (
				0026E692140347E700355BCB /* Supporting Files */,
				00FF37E31417CFA30009B1D4 /* ContactNavigationTableTest.h */,
				00FF37E41417CFA30009B1D4 /* ContactNavigationTableTest.m */,
				0045BDAD141921CD007BB8AA /* ContactTest.h */,
				004FC7171486CC1200A378DC /* ModelLoader.h */,
				004FC7181486CC1200A378DC /* ModelLoader.m */,
				0045BDAE141921CD007BB8AA /* ContactTest.m */,
				00E32346142153CD00D3AEED /* Fixtures.h */,
				00E32347142153CD00D3AEED /* Fixtures.m */,
				00E3234F142280AD00D3AEED /* ContactManagerTest.h */,
				00E32350142280AD00D3AEED /* ContactManagerTest.m */,
				00590AC61428F7D0008335EA /* ContactTableTest.h */,
				00590AC71428F7D0008335EA /* ContactTableTest.m */,
				004FC7101486BE8200A378DC /* PickerOptionTest.h */,
				004FC7111486BE8200A378DC /* PickerOptionTest.m */,
			);
			name = Tests;
			path = NCSMobileTests;
			sourceTree = "<group>";
		};
		0026E692140347E700355BCB /* Supporting Files */ = {
			isa = PBXGroup;
			children = (
				0026E693140347E700355BCB /* NCSMobileTests-Info.plist */,
				0026E694140347E700355BCB /* InfoPlist.strings */,
				0026E697140347E700355BCB /* NCSMobileTests-Prefix.pch */,
			);
			name = "Supporting Files";
			sourceTree = "<group>";
		};
		00439FFF141132B70097A878 /* Resources */ = {
			isa = PBXGroup;
			children = (
				0088C7D714717D580051AAE6 /* Images */,
				006EBEE8141673A1003D69CF /* Other */,
				006EBEE714115870003D69CF /* NIBs */,
				00C9C6E3146CE66300F6D339 /* main.xcdatamodeld */,
				002D3B0F14E1BCFE00A30C8F /* surveyor.xcdatamodeld */,
			);
			name = Resources;
			sourceTree = "<group>";
		};
		0043A016141133410097A878 /* Other Sources */ = {
			isa = PBXGroup;
			children = (
				0026E674140347E700355BCB /* NCSMobile-Prefix.pch */,
				0026E675140347E700355BCB /* main.m */,
			);
			name = "Other Sources";
			sourceTree = "<group>";
		};
		006EBEE414115783003D69CF /* Delegates */ = {
			isa = PBXGroup;
			children = (
				0026E677140347E700355BCB /* NCSMobileAppDelegate.h */,
				0026E678140347E700355BCB /* NCSMobileAppDelegate.m */,
				009AD2E61430D9BF0038650B /* SimpleTableRowDelegate.h */,
				009AD2E71430DA180038650B /* ISimpleTable.h */,
			);
			name = Delegates;
			sourceTree = "<group>";
		};
		006EBEE5141157B6003D69CF /* Controllers */ = {
			isa = PBXGroup;
			children = (
				00145BA6149A7BEF00D3C1B5 /* ContactCloseVC.h */,
				00145BA7149A7BEF00D3C1B5 /* ContactCloseVC.m */,
				0026E67D140347E700355BCB /* ContactDisplayController.h */,
				008F7D9F148BB3DD009BCF1D /* ContactInitiateVC.h */,
				008F7DA0148BB3DD009BCF1D /* ContactInitiateVC.m */,
				0026E67E140347E700355BCB /* ContactDisplayController.m */,
				0026E683140347E700355BCB /* RootViewController.h */,
				0026E684140347E700355BCB /* RootViewController.m */,
				009AD2E2142D391A0038650B /* SimpleTableController.h */,
				009AD2E3142D391A0038650B /* SimpleTableController.m */,
				00A392DC14361C53003B19F3 /* LoginController.h */,
				00A392DD14361C53003B19F3 /* LoginController.m */,
				005108EC148440C000732623 /* NUScrollView.h */,
				005108ED148440C000732623 /* NUScrollView.m */,
				00A03C751499536700223FD2 /* InstrumentListVC.h */,
				00A03C761499536700223FD2 /* InstrumentListVC.m */,
			);
			name = Controllers;
			sourceTree = "<group>";
		};
		006EBEE6141157BA003D69CF /* Models */ = {
			isa = PBXGroup;
			children = (
				00B6CCFE146B1A77004767BE /* Location.h */,
				00B6CCFF146B1A77004767BE /* Location.m */,
				0026465E1434CE02008D612B /* Person.h */,
				0026465F1434CE02008D612B /* Person.m */,
				0045BDAA14191FB1007BB8AA /* Contact.h */,
				0045BDAB14191FB1007BB8AA /* Contact.m */,
				006EBEE1141139B2003D69CF /* Event.h */,
				0045BDA81418017F007BB8AA /* Event.m */,
				00590AC914291818008335EA /* Address.h */,
				00590ACA14291818008335EA /* Address.m */,
				00FF37DC1417C50D0009B1D4 /* Instrument.h */,
				00FF37DD1417C50D0009B1D4 /* Instrument.m */,
				00E323551422A23A00D3AEED /* Section.h */,
				00E323561422A23A00D3AEED /* Section.m */,
				00E323581422B08200D3AEED /* Row.h */,
				00E323591422B08200D3AEED /* Row.m */,
				00C4095B1471DD5E00F0F3FA /* InstrumentTemplate.h */,
				00C4095C1471DD5E00F0F3FA /* InstrumentTemplate.m */,
				00B7CCA614BDFB6E00D5901C /* DispositionCode.h */,
				00B7CCA714BDFB6E00D5901C /* DispositionCode.m */,
				0018F03114C4BD160058D8F2 /* Configuration.h */,
				0018F03214C4BD160058D8F2 /* Configuration.m */,
			);
			name = Models;
			sourceTree = "<group>";
		};
		006EBEE714115870003D69CF /* NIBs */ = {
			isa = PBXGroup;
			children = (
				0026E680140347E700355BCB /* DetailView.xib */,
				0026E67A140347E700355BCB /* MainWindow.xib */,
				009EE2781436220C00E6D658 /* LoginController.xib */,
				00A03C771499536700223FD2 /* InstrumentListVC.xib */,
			);
			name = NIBs;
			sourceTree = "<group>";
		};
		006EBEE8141673A1003D69CF /* Other */ = {
			isa = PBXGroup;
			children = (
				0026E670140347E700355BCB /* NCSMobile-Info.plist */,
				0026E671140347E700355BCB /* InfoPlist.strings */,
			);
			name = Other;
			sourceTree = "<group>";
		};
		0088C7D714717D580051AAE6 /* Images */ = {
			isa = PBXGroup;
			children = (
				002B2E4214362E4900410D09 /* nubic-logo.png */,
				002B2E4314362E4900410D09 /* nu-logo.png */,
			);
			name = Images;
			sourceTree = "<group>";
		};
		009827581434D088002A8777 /* Products */ = {
			isa = PBXGroup;
			children = (
				0098276C1434D088002A8777 /* libRestKitNetwork.a */,
				0098276E1434D088002A8777 /* libRestKitObjectMapping.a */,
				009827701434D088002A8777 /* libRestKitSupport.a */,
				009827721434D088002A8777 /* libRestKitJSONParserNXJSON.a */,
				009827741434D088002A8777 /* libRestKitJSONParserYAJL.a */,
				009827761434D088002A8777 /* libRestKitJSONParserSBJSON.a */,
				009827781434D088002A8777 /* libRestKitJSONParserJSONKit.a */,
				0098277A1434D088002A8777 /* libRestKitXMLParserLibxml.a */,
				0098277C1434D088002A8777 /* libRestKitCoreData.a */,
				0098277E1434D088002A8777 /* libRestKitThree20.a */,
				009827801434D088002A8777 /* RestKitSpecs.app */,
			);
			name = Products;
			sourceTree = "<group>";
		};
		00F10AAD14DB040800387762 /* MBProgressHUD */ = {
			isa = PBXGroup;
			children = (
				00F10AAE14DB042200387762 /* MBProgressHUD.h */,
				00F10AAF14DB042200387762 /* MBProgressHUD.m */,
			);
			name = MBProgressHUD;
			sourceTree = "<group>";
		};
		00FF37E21417CA320009B1D4 /* Presenters */ = {
			isa = PBXGroup;
			children = (
				00393C90148E54C000671899 /* SingleOptionPicker.h */,
				00393C91148E54C000671899 /* SingleOptionPicker.m */,
				006D47FA148D94970035DC01 /* ChangeHandler.h */,
				006D47FB148D94970035DC01 /* ChangeHandler.m */,
				008F7DA5148C64AC009BCF1D /* FormBuilderCursor.h */,
				008F7DA6148C64AC009BCF1D /* FormBuilderCursor.m */,
				0026465B1434CDF9008D612B /* ContactNavigationTable.h */,
				0026465C1434CDF9008D612B /* ContactNavigationTable.m */,
				00E3235B1422EB6A00D3AEED /* ContactTable.h */,
				00E3235C1422EB6A00D3AEED /* ContactTable.m */,
				004FC7141486BFBC00A378DC /* PickerOption.h */,
				004FC7151486BFBC00A378DC /* PickerOption.m */,
				00810B5D14896B070098C0D0 /* DatePicker.h */,
				00810B5E14896B070098C0D0 /* DatePicker.m */,
				008F7DA2148C1B16009BCF1D /* FormBuilder.h */,
				008F7DA3148C1B16009BCF1D /* FormBuilder.m */,
				006FDD88148FD2E80001BADE /* TextField.h */,
				006FDD89148FD2E80001BADE /* TextField.m */,
				008C570F149696DD005EC22E /* TextArea.h */,
				0031315414E04BF800C0D0B1 /* SyncActivityIndicator.h */,
				0031315514E04BF800C0D0B1 /* SyncActivityIndicator.m */,
				008C5710149696DD005EC22E /* TextArea.m */,
			);
			name = Presenters;
			sourceTree = "<group>";
		};
/* End PBXGroup section */

/* Begin PBXNativeTarget section */
		0026E663140347E700355BCB /* NCSMobile */ = {
			isa = PBXNativeTarget;
			buildConfigurationList = 0026E69E140347E700355BCB /* Build configuration list for PBXNativeTarget "NCSMobile" */;
			buildPhases = (
				0026E660140347E700355BCB /* Sources */,
				0026E662140347E700355BCB /* Resources */,
				0026E661140347E700355BCB /* Frameworks */,
			);
			buildRules = (
			);
			dependencies = (
				009827821434D0CD002A8777 /* PBXTargetDependency */,
			);
			name = NCSMobile;
			productName = NCSMobile;
			productReference = 0026E664140347E700355BCB /* NCSMobile.app */;
			productType = "com.apple.product-type.application";
		};
		0026E68A140347E700355BCB /* NCSMobileTests */ = {
			isa = PBXNativeTarget;
			buildConfigurationList = 0026E6A1140347E700355BCB /* Build configuration list for PBXNativeTarget "NCSMobileTests" */;
			buildPhases = (
				0026E686140347E700355BCB /* Sources */,
				0026E687140347E700355BCB /* Frameworks */,
				0026E688140347E700355BCB /* Resources */,
				0026E689140347E700355BCB /* ShellScript */,
			);
			buildRules = (
			);
			dependencies = (
				0026E690140347E700355BCB /* PBXTargetDependency */,
			);
			name = NCSMobileTests;
			productName = NCSMobileTests;
			productReference = 0026E68B140347E700355BCB /* NCSMobileTests.octest */;
			productType = "com.apple.product-type.bundle";
		};
/* End PBXNativeTarget section */

/* Begin PBXProject section */
		0026E65B140347E700355BCB /* Project object */ = {
			isa = PBXProject;
			attributes = {
				LastUpgradeCheck = 0420;
				ORGANIZATIONNAME = "Northwestern University";
			};
			buildConfigurationList = 0026E65E140347E700355BCB /* Build configuration list for PBXProject "NCSMobile" */;
			compatibilityVersion = "Xcode 3.2";
			developmentRegion = English;
			hasScannedForEncodings = 0;
			knownRegions = (
				en,
			);
			mainGroup = 0026E659140347E700355BCB;
			productRefGroup = 0026E665140347E700355BCB /* Products */;
			projectDirPath = "";
			projectReferences = (
				{
					ProductGroup = 009827581434D088002A8777 /* Products */;
					ProjectRef = 009827571434D088002A8777 /* RestKit.xcodeproj */;
				},
			);
			projectRoot = "";
			targets = (
				0026E663140347E700355BCB /* NCSMobile */,
				0026E68A140347E700355BCB /* NCSMobileTests */,
			);
		};
/* End PBXProject section */

/* Begin PBXReferenceProxy section */
		0098276C1434D088002A8777 /* libRestKitNetwork.a */ = {
			isa = PBXReferenceProxy;
			fileType = archive.ar;
			path = libRestKitNetwork.a;
			remoteRef = 0098276B1434D088002A8777 /* PBXContainerItemProxy */;
			sourceTree = BUILT_PRODUCTS_DIR;
		};
		0098276E1434D088002A8777 /* libRestKitObjectMapping.a */ = {
			isa = PBXReferenceProxy;
			fileType = archive.ar;
			path = libRestKitObjectMapping.a;
			remoteRef = 0098276D1434D088002A8777 /* PBXContainerItemProxy */;
			sourceTree = BUILT_PRODUCTS_DIR;
		};
		009827701434D088002A8777 /* libRestKitSupport.a */ = {
			isa = PBXReferenceProxy;
			fileType = archive.ar;
			path = libRestKitSupport.a;
			remoteRef = 0098276F1434D088002A8777 /* PBXContainerItemProxy */;
			sourceTree = BUILT_PRODUCTS_DIR;
		};
		009827721434D088002A8777 /* libRestKitJSONParserNXJSON.a */ = {
			isa = PBXReferenceProxy;
			fileType = archive.ar;
			path = libRestKitJSONParserNXJSON.a;
			remoteRef = 009827711434D088002A8777 /* PBXContainerItemProxy */;
			sourceTree = BUILT_PRODUCTS_DIR;
		};
		009827741434D088002A8777 /* libRestKitJSONParserYAJL.a */ = {
			isa = PBXReferenceProxy;
			fileType = archive.ar;
			path = libRestKitJSONParserYAJL.a;
			remoteRef = 009827731434D088002A8777 /* PBXContainerItemProxy */;
			sourceTree = BUILT_PRODUCTS_DIR;
		};
		009827761434D088002A8777 /* libRestKitJSONParserSBJSON.a */ = {
			isa = PBXReferenceProxy;
			fileType = archive.ar;
			path = libRestKitJSONParserSBJSON.a;
			remoteRef = 009827751434D088002A8777 /* PBXContainerItemProxy */;
			sourceTree = BUILT_PRODUCTS_DIR;
		};
		009827781434D088002A8777 /* libRestKitJSONParserJSONKit.a */ = {
			isa = PBXReferenceProxy;
			fileType = archive.ar;
			path = libRestKitJSONParserJSONKit.a;
			remoteRef = 009827771434D088002A8777 /* PBXContainerItemProxy */;
			sourceTree = BUILT_PRODUCTS_DIR;
		};
		0098277A1434D088002A8777 /* libRestKitXMLParserLibxml.a */ = {
			isa = PBXReferenceProxy;
			fileType = archive.ar;
			path = libRestKitXMLParserLibxml.a;
			remoteRef = 009827791434D088002A8777 /* PBXContainerItemProxy */;
			sourceTree = BUILT_PRODUCTS_DIR;
		};
		0098277C1434D088002A8777 /* libRestKitCoreData.a */ = {
			isa = PBXReferenceProxy;
			fileType = archive.ar;
			path = libRestKitCoreData.a;
			remoteRef = 0098277B1434D088002A8777 /* PBXContainerItemProxy */;
			sourceTree = BUILT_PRODUCTS_DIR;
		};
		0098277E1434D088002A8777 /* libRestKitThree20.a */ = {
			isa = PBXReferenceProxy;
			fileType = archive.ar;
			path = libRestKitThree20.a;
			remoteRef = 0098277D1434D088002A8777 /* PBXContainerItemProxy */;
			sourceTree = BUILT_PRODUCTS_DIR;
		};
		009827801434D088002A8777 /* RestKitSpecs.app */ = {
			isa = PBXReferenceProxy;
			fileType = wrapper.application;
			path = RestKitSpecs.app;
			remoteRef = 0098277F1434D088002A8777 /* PBXContainerItemProxy */;
			sourceTree = BUILT_PRODUCTS_DIR;
		};
/* End PBXReferenceProxy section */

/* Begin PBXResourcesBuildPhase section */
		0026E662140347E700355BCB /* Resources */ = {
			isa = PBXResourcesBuildPhase;
			buildActionMask = 2147483647;
			files = (
				002B2E4414362E4900410D09 /* nubic-logo.png in Resources */,
				002B2E4514362E4900410D09 /* nu-logo.png in Resources */,
				0026E673140347E700355BCB /* InfoPlist.strings in Resources */,
				0026E67C140347E700355BCB /* MainWindow.xib in Resources */,
				0026E682140347E700355BCB /* DetailView.xib in Resources */,
				006C600B1434DF0D00F52CD8 /* README.md in Resources */,
				009EE2791436220C00E6D658 /* LoginController.xib in Resources */,
				00AEB0461474D31C00952EBD /* TASKS.md in Resources */,
				00A03C791499536700223FD2 /* InstrumentListVC.xib in Resources */,
				0013ED9B14B65D84009F85CF /* NUCas.plist in Resources */,
				0018F0A114C4BE880058D8F2 /* NCSNavigatorField.plist in Resources */,
				008911C814C7367B002CEACA /* NCSNavigatorField.plist-sample in Resources */,
				00C67AF514C765CE005D2543 /* NUCas.plist-sample in Resources */,
				0031315E14E083C500C0D0B1 /* cacert.pem in Resources */,
			);
			runOnlyForDeploymentPostprocessing = 0;
		};
		0026E688140347E700355BCB /* Resources */ = {
			isa = PBXResourcesBuildPhase;
			buildActionMask = 2147483647;
			files = (
				0026E696140347E700355BCB /* InfoPlist.strings in Resources */,
				00FF37E81417D2B80009B1D4 /* ContactNavigationTableTest.h in Resources */,
			);
			runOnlyForDeploymentPostprocessing = 0;
		};
/* End PBXResourcesBuildPhase section */

/* Begin PBXShellScriptBuildPhase section */
		0026E689140347E700355BCB /* ShellScript */ = {
			isa = PBXShellScriptBuildPhase;
			buildActionMask = 2147483647;
			files = (
			);
			inputPaths = (
			);
			outputPaths = (
			);
			runOnlyForDeploymentPostprocessing = 0;
			shellPath = /bin/sh;
			shellScript = "# Run the unit tests in this test bundle.\n\"${SYSTEM_DEVELOPER_DIR}/Tools/RunUnitTests\"\n";
		};
/* End PBXShellScriptBuildPhase section */

/* Begin PBXSourcesBuildPhase section */
		0026E660140347E700355BCB /* Sources */ = {
			isa = PBXSourcesBuildPhase;
			buildActionMask = 2147483647;
			files = (
				0026E676140347E700355BCB /* main.m in Sources */,
				0026E679140347E700355BCB /* NCSMobileAppDelegate.m in Sources */,
				0026E67F140347E700355BCB /* ContactDisplayController.m in Sources */,
				0026E685140347E700355BCB /* RootViewController.m in Sources */,
				00FF37DE1417C50D0009B1D4 /* Instrument.m in Sources */,
				0045BDA91418017F007BB8AA /* Event.m in Sources */,
				0045BDAC14191FB1007BB8AA /* Contact.m in Sources */,
				00E323571422A23A00D3AEED /* Section.m in Sources */,
				00E3235A1422B08200D3AEED /* Row.m in Sources */,
				00E3235D1422EB6A00D3AEED /* ContactTable.m in Sources */,
				00590ACB14291818008335EA /* Address.m in Sources */,
				009AD2E4142D391A0038650B /* SimpleTableController.m in Sources */,
				0026465D1434CDF9008D612B /* ContactNavigationTable.m in Sources */,
				002646601434CE02008D612B /* Person.m in Sources */,
				00A392DF14361C53003B19F3 /* LoginController.m in Sources */,
				00B6CD00146B1A77004767BE /* Location.m in Sources */,
				00C9C6E5146CE66300F6D339 /* main.xcdatamodeld in Sources */,
				00C4095D1471DD5E00F0F3FA /* InstrumentTemplate.m in Sources */,
				005108EE148440C000732623 /* NUScrollView.m in Sources */,
				004FC7161486BFBC00A378DC /* PickerOption.m in Sources */,
				00810B5F14896B070098C0D0 /* DatePicker.m in Sources */,
				008F7DA1148BB3DD009BCF1D /* ContactInitiateVC.m in Sources */,
				008F7DA4148C1B16009BCF1D /* FormBuilder.m in Sources */,
				008F7DA7148C64AC009BCF1D /* FormBuilderCursor.m in Sources */,
				006D47FC148D94970035DC01 /* ChangeHandler.m in Sources */,
				00393C92148E54C000671899 /* SingleOptionPicker.m in Sources */,
				006FDD8A148FD2E80001BADE /* TextField.m in Sources */,
				008C5711149696DD005EC22E /* TextArea.m in Sources */,
				00A03C781499536700223FD2 /* InstrumentListVC.m in Sources */,
				00145BA8149A7BEF00D3C1B5 /* ContactCloseVC.m in Sources */,
				00B7CCA814BDFB6E00D5901C /* DispositionCode.m in Sources */,
				0018F03314C4BD160058D8F2 /* Configuration.m in Sources */,
				00F10AB014DB042200387762 /* MBProgressHUD.m in Sources */,
				0031315614E04BF800C0D0B1 /* SyncActivityIndicator.m in Sources */,
				002D3B1114E1BCFE00A30C8F /* surveyor.xcdatamodeld in Sources */,
			);
			runOnlyForDeploymentPostprocessing = 0;
		};
		0026E686140347E700355BCB /* Sources */ = {
			isa = PBXSourcesBuildPhase;
			buildActionMask = 2147483647;
			files = (
				004FC7131486BF8300A378DC /* PickerOptionTest.m in Sources */,
				00FF37E71417D2380009B1D4 /* ContactNavigationTableTest.m in Sources */,
				0045BDAF141921CD007BB8AA /* ContactTest.m in Sources */,
				00E32348142153CD00D3AEED /* Fixtures.m in Sources */,
				00E32351142280AD00D3AEED /* ContactManagerTest.m in Sources */,
				00590AC81428F7D0008335EA /* ContactTableTest.m in Sources */,
				004FC7191486CC1200A378DC /* ModelLoader.m in Sources */,
			);
			runOnlyForDeploymentPostprocessing = 0;
		};
/* End PBXSourcesBuildPhase section */

/* Begin PBXTargetDependency section */
		0026E690140347E700355BCB /* PBXTargetDependency */ = {
			isa = PBXTargetDependency;
			target = 0026E663140347E700355BCB /* NCSMobile */;
			targetProxy = 0026E68F140347E700355BCB /* PBXContainerItemProxy */;
		};
		009827821434D0CD002A8777 /* PBXTargetDependency */ = {
			isa = PBXTargetDependency;
			name = RestKit;
			targetProxy = 009827811434D0CD002A8777 /* PBXContainerItemProxy */;
		};
/* End PBXTargetDependency section */

/* Begin PBXVariantGroup section */
		0026E671140347E700355BCB /* InfoPlist.strings */ = {
			isa = PBXVariantGroup;
			children = (
				0026E672140347E700355BCB /* en */,
			);
			name = InfoPlist.strings;
			path = NCSMobile;
			sourceTree = "<group>";
		};
		0026E67A140347E700355BCB /* MainWindow.xib */ = {
			isa = PBXVariantGroup;
			children = (
				0026E67B140347E700355BCB /* en */,
			);
			name = MainWindow.xib;
			path = NCSMobile;
			sourceTree = "<group>";
		};
		0026E680140347E700355BCB /* DetailView.xib */ = {
			isa = PBXVariantGroup;
			children = (
				0026E681140347E700355BCB /* en */,
			);
			name = DetailView.xib;
			path = NCSMobile;
			sourceTree = "<group>";
		};
		0026E694140347E700355BCB /* InfoPlist.strings */ = {
			isa = PBXVariantGroup;
			children = (
				0026E695140347E700355BCB /* en */,
			);
			name = InfoPlist.strings;
			sourceTree = "<group>";
		};
/* End PBXVariantGroup section */

/* Begin XCBuildConfiguration section */
		0026E69C140347E700355BCB /* Debug */ = {
			isa = XCBuildConfiguration;
			buildSettings = {
				ARCHS = "$(ARCHS_UNIVERSAL_IPHONE_OS)";
				"CODE_SIGN_IDENTITY[sdk=iphoneos*]" = "iPhone Developer";
				GCC_C_LANGUAGE_STANDARD = gnu99;
				GCC_OPTIMIZATION_LEVEL = 0;
				GCC_PREPROCESSOR_DEFINITIONS = DEBUG;
				GCC_SYMBOLS_PRIVATE_EXTERN = NO;
				GCC_VERSION = com.apple.compilers.llvmgcc42;
				GCC_WARN_ABOUT_RETURN_TYPE = YES;
				GCC_WARN_UNUSED_VARIABLE = YES;
				IPHONEOS_DEPLOYMENT_TARGET = 4.3;
				OTHER_LDFLAGS = "-ObjC";
				SDKROOT = iphoneos;
				TARGETED_DEVICE_FAMILY = 2;
			};
			name = Debug;
		};
		0026E69D140347E700355BCB /* Release */ = {
			isa = XCBuildConfiguration;
			buildSettings = {
				ARCHS = "$(ARCHS_UNIVERSAL_IPHONE_OS)";
				"CODE_SIGN_IDENTITY[sdk=iphoneos*]" = "iPhone Developer";
				GCC_C_LANGUAGE_STANDARD = gnu99;
				GCC_VERSION = com.apple.compilers.llvmgcc42;
				GCC_WARN_ABOUT_RETURN_TYPE = YES;
				GCC_WARN_UNUSED_VARIABLE = YES;
				IPHONEOS_DEPLOYMENT_TARGET = 4.3;
				OTHER_CFLAGS = "-DNS_BLOCK_ASSERTIONS=1";
				OTHER_LDFLAGS = "-ObjC";
				SDKROOT = iphoneos;
				TARGETED_DEVICE_FAMILY = 2;
			};
			name = Release;
		};
		0026E69F140347E700355BCB /* Debug */ = {
			isa = XCBuildConfiguration;
			buildSettings = {
				ALWAYS_SEARCH_USER_PATHS = YES;
				COPY_PHASE_STRIP = NO;
				FRAMEWORK_SEARCH_PATHS = (
					"$(inherited)",
					"\"$(SRCROOT)/RestKit/Specs/Runner\"",
				);
				GCC_DYNAMIC_NO_PIC = NO;
				GCC_PRECOMPILE_PREFIX_HEADER = YES;
				GCC_PREFIX_HEADER = "NCSMobile/NCSMobile-Prefix.pch";
				GCC_VERSION = com.apple.compilers.llvm.clang.1_0;
				HEADER_SEARCH_PATHS = (
					"$(SOURCE_ROOT)/RestKit/Build",
					"$(SOURCE_ROOT)/../json-framework/Classes",
				);
				INFOPLIST_FILE = "NCSMobile/NCSMobile-Info.plist";
				LIBRARY_SEARCH_PATHS = (
					"\"$(SRCROOT)\"",
					"$(SOURCE_ROOT)/RestKit/Build/$(BUILD_STYLE)-$(PLATFORM_NAME)",
					"$(inherited)",
				);
				OTHER_LDFLAGS = (
					"-ObjC",
					"-all_load",
				);
				PRODUCT_NAME = "$(TARGET_NAME)";
				USER_HEADER_SEARCH_PATHS = "\"$(BUILT_PRODUCTS_DIR)/NUSurveyor\"/** \"$(BUILT_PRODUCTS_DIR)/NUCas\"";
				WRAPPER_EXTENSION = app;
			};
			name = Debug;
		};
		0026E6A0140347E700355BCB /* Release */ = {
			isa = XCBuildConfiguration;
			buildSettings = {
				ALWAYS_SEARCH_USER_PATHS = YES;
				COPY_PHASE_STRIP = YES;
				FRAMEWORK_SEARCH_PATHS = (
					"$(inherited)",
					"\"$(SRCROOT)/RestKit/Specs/Runner\"",
				);
				GCC_PRECOMPILE_PREFIX_HEADER = YES;
				GCC_PREFIX_HEADER = "NCSMobile/NCSMobile-Prefix.pch";
				GCC_VERSION = com.apple.compilers.llvm.clang.1_0;
				HEADER_SEARCH_PATHS = (
					"$(SOURCE_ROOT)/RestKit/Build",
					"$(SOURCE_ROOT)/../json-framework/Classes",
				);
				INFOPLIST_FILE = "NCSMobile/NCSMobile-Info.plist";
				LIBRARY_SEARCH_PATHS = (
					"\"$(SRCROOT)\"",
					"$(SOURCE_ROOT)/RestKit/Build/$(BUILD_STYLE)-$(PLATFORM_NAME)",
					"$(inherited)",
				);
				OTHER_LDFLAGS = (
					"-ObjC",
					"-all_load",
				);
				PRODUCT_NAME = "$(TARGET_NAME)";
				USER_HEADER_SEARCH_PATHS = "\"$(BUILT_PRODUCTS_DIR)/NUSurveyor\"/** \"$(BUILT_PRODUCTS_DIR)/NUCas\"";
				VALIDATE_PRODUCT = YES;
				WRAPPER_EXTENSION = app;
			};
			name = Release;
		};
		0026E6A2140347E700355BCB /* Debug */ = {
			isa = XCBuildConfiguration;
			buildSettings = {
				ALWAYS_SEARCH_USER_PATHS = NO;
				ARCHS = "$(ARCHS_STANDARD_32_BIT)";
				BUNDLE_LOADER = "$(BUILT_PRODUCTS_DIR)/NCSMobile.app/NCSMobile";
				FRAMEWORK_SEARCH_PATHS = (
					"$(SDKROOT)/Developer/Library/Frameworks",
					"$(DEVELOPER_LIBRARY_DIR)/Frameworks",
				);
				GCC_PRECOMPILE_PREFIX_HEADER = YES;
				GCC_PREFIX_HEADER = "NCSMobileTests/NCSMobileTests-Prefix.pch";
				GCC_VERSION = com.apple.compilers.llvm.clang.1_0;
				INFOPLIST_FILE = "NCSMobileTests/NCSMobileTests-Info.plist";
				OTHER_LDFLAGS = (
					"-framework",
					SenTestingKit,
				);
				PRODUCT_NAME = "$(TARGET_NAME)";
				TEST_HOST = "$(BUNDLE_LOADER)";
				WRAPPER_EXTENSION = octest;
			};
			name = Debug;
		};
		0026E6A3140347E700355BCB /* Release */ = {
			isa = XCBuildConfiguration;
			buildSettings = {
				ALWAYS_SEARCH_USER_PATHS = NO;
				ARCHS = "$(ARCHS_STANDARD_32_BIT)";
				BUNDLE_LOADER = "$(BUILT_PRODUCTS_DIR)/NCSMobile.app/NCSMobile";
				FRAMEWORK_SEARCH_PATHS = (
					"$(SDKROOT)/Developer/Library/Frameworks",
					"$(DEVELOPER_LIBRARY_DIR)/Frameworks",
				);
				GCC_PRECOMPILE_PREFIX_HEADER = YES;
				GCC_PREFIX_HEADER = "NCSMobileTests/NCSMobileTests-Prefix.pch";
				GCC_VERSION = com.apple.compilers.llvm.clang.1_0;
				INFOPLIST_FILE = "NCSMobileTests/NCSMobileTests-Info.plist";
				OTHER_LDFLAGS = (
					"-framework",
					SenTestingKit,
				);
				PRODUCT_NAME = "$(TARGET_NAME)";
				TEST_HOST = "$(BUNDLE_LOADER)";
				WRAPPER_EXTENSION = octest;
			};
			name = Release;
		};
/* End XCBuildConfiguration section */

/* Begin XCConfigurationList section */
		0026E65E140347E700355BCB /* Build configuration list for PBXProject "NCSMobile" */ = {
			isa = XCConfigurationList;
			buildConfigurations = (
				0026E69C140347E700355BCB /* Debug */,
				0026E69D140347E700355BCB /* Release */,
			);
			defaultConfigurationIsVisible = 0;
			defaultConfigurationName = Release;
		};
		0026E69E140347E700355BCB /* Build configuration list for PBXNativeTarget "NCSMobile" */ = {
			isa = XCConfigurationList;
			buildConfigurations = (
				0026E69F140347E700355BCB /* Debug */,
				0026E6A0140347E700355BCB /* Release */,
			);
			defaultConfigurationIsVisible = 0;
			defaultConfigurationName = Release;
		};
		0026E6A1140347E700355BCB /* Build configuration list for PBXNativeTarget "NCSMobileTests" */ = {
			isa = XCConfigurationList;
			buildConfigurations = (
				0026E6A2140347E700355BCB /* Debug */,
				0026E6A3140347E700355BCB /* Release */,
			);
			defaultConfigurationIsVisible = 0;
			defaultConfigurationName = Release;
		};
/* End XCConfigurationList section */

/* Begin XCVersionGroup section */
		002D3B0F14E1BCFE00A30C8F /* surveyor.xcdatamodeld */ = {
			isa = XCVersionGroup;
			children = (
				002D3B1014E1BCFE00A30C8F /* surveyor.xcdatamodel */,
			);
			currentVersion = 002D3B1014E1BCFE00A30C8F /* surveyor.xcdatamodel */;
			name = surveyor.xcdatamodeld;
			path = NCSMobile/surveyor.xcdatamodeld;
			sourceTree = "<group>";
			versionGroupType = wrapper.xcdatamodel;
		};
		00C9C6E3146CE66300F6D339 /* main.xcdatamodeld */ = {
			isa = XCVersionGroup;
			children = (
				00C9C6E4146CE66300F6D339 /* main.xcdatamodel */,
			);
			currentVersion = 00C9C6E4146CE66300F6D339 /* main.xcdatamodel */;
			name = main.xcdatamodeld;
			path = NCSMobile/main.xcdatamodeld;
			sourceTree = "<group>";
			versionGroupType = wrapper.xcdatamodel;
		};
/* End XCVersionGroup section */
	};
	rootObject = 0026E65B140347E700355BCB /* Project object */;
}
